// !$*UTF8*$!
{
	archiveVersion = 1;
	classes = {
	};
	objectVersion = 46;
	objects = {

/* Begin PBXBuildFile section */
		03D7D9131CCD3B03003112C8 /* main.m in Sources */ = {isa = PBXBuildFile; fileRef = 03D7D9121CCD3B03003112C8 /* main.m */; };
		03D7D9161CCD3B03003112C8 /* AppDelegate.m in Sources */ = {isa = PBXBuildFile; fileRef = 03D7D9151CCD3B03003112C8 /* AppDelegate.m */; };
		03D7D9191CCD3B03003112C8 /* ViewController.m in Sources */ = {isa = PBXBuildFile; fileRef = 03D7D9181CCD3B03003112C8 /* ViewController.m */; };
		03D7D91C1CCD3B03003112C8 /* Main.storyboard in Resources */ = {isa = PBXBuildFile; fileRef = 03D7D91A1CCD3B03003112C8 /* Main.storyboard */; };
		03D7D91E1CCD3B03003112C8 /* Assets.xcassets in Resources */ = {isa = PBXBuildFile; fileRef = 03D7D91D1CCD3B03003112C8 /* Assets.xcassets */; };
		03D7D9211CCD3B03003112C8 /* LaunchScreen.storyboard in Resources */ = {isa = PBXBuildFile; fileRef = 03D7D91F1CCD3B03003112C8 /* LaunchScreen.storyboard */; };
		03D7D92C1CCD3B03003112C8 /* iReaderTests.m in Sources */ = {isa = PBXBuildFile; fileRef = 03D7D92B1CCD3B03003112C8 /* iReaderTests.m */; };
		03D7D9371CCD3B03003112C8 /* iReaderUITests.m in Sources */ = {isa = PBXBuildFile; fileRef = 03D7D9361CCD3B03003112C8 /* iReaderUITests.m */; };
/* End PBXBuildFile section */

/* Begin PBXContainerItemProxy section */
		03D7D9281CCD3B03003112C8 /* PBXContainerItemProxy */ = {
			isa = PBXContainerItemProxy;
			containerPortal = 03D7D9061CCD3B03003112C8 /* Project object */;
			proxyType = 1;
			remoteGlobalIDString = 03D7D90D1CCD3B03003112C8;
			remoteInfo = iReader;
		};
		03D7D9331CCD3B03003112C8 /* PBXContainerItemProxy */ = {
			isa = PBXContainerItemProxy;
			containerPortal = 03D7D9061CCD3B03003112C8 /* Project object */;
			proxyType = 1;
			remoteGlobalIDString = 03D7D90D1CCD3B03003112C8;
			remoteInfo = iReader;
		};
/* End PBXContainerItemProxy section */

/* Begin PBXFileReference section */
		03D7D90E1CCD3B03003112C8 /* iReader.app */ = {isa = PBXFileReference; explicitFileType = wrapper.application; includeInIndex = 0; path = iReader.app; sourceTree = BUILT_PRODUCTS_DIR; };
		03D7D9121CCD3B03003112C8 /* main.m */ = {isa = PBXFileReference; lastKnownFileType = sourcecode.c.objc; path = main.m; sourceTree = "<group>"; };
		03D7D9141CCD3B03003112C8 /* AppDelegate.h */ = {isa = PBXFileReference; lastKnownFileType = sourcecode.c.h; path = AppDelegate.h; sourceTree = "<group>"; };
		03D7D9151CCD3B03003112C8 /* AppDelegate.m */ = {isa = PBXFileReference; lastKnownFileType = sourcecode.c.objc; path = AppDelegate.m; sourceTree = "<group>"; };
		03D7D9171CCD3B03003112C8 /* ViewController.h */ = {isa = PBXFileReference; lastKnownFileType = sourcecode.c.h; path = ViewController.h; sourceTree = "<group>"; };
		03D7D9181CCD3B03003112C8 /* ViewController.m */ = {isa = PBXFileReference; lastKnownFileType = sourcecode.c.objc; path = ViewController.m; sourceTree = "<group>"; };
		03D7D91B1CCD3B03003112C8 /* Base */ = {isa = PBXFileReference; lastKnownFileType = file.storyboard; name = Base; path = Base.lproj/Main.storyboard; sourceTree = "<group>"; };
		03D7D91D1CCD3B03003112C8 /* Assets.xcassets */ = {isa = PBXFileReference; lastKnownFileType = folder.assetcatalog; path = Assets.xcassets; sourceTree = "<group>"; };
		03D7D9201CCD3B03003112C8 /* Base */ = {isa = PBXFileReference; lastKnownFileType = file.storyboard; name = Base; path = Base.lproj/LaunchScreen.storyboard; sourceTree = "<group>"; };
		03D7D9221CCD3B03003112C8 /* Info.plist */ = {isa = PBXFileReference; lastKnownFileType = text.plist.xml; path = Info.plist; sourceTree = "<group>"; };
		03D7D9271CCD3B03003112C8 /* iReaderTests.xctest */ = {isa = PBXFileReference; explicitFileType = wrapper.cfbundle; includeInIndex = 0; path = iReaderTests.xctest; sourceTree = BUILT_PRODUCTS_DIR; };
		03D7D92B1CCD3B03003112C8 /* iReaderTests.m */ = {isa = PBXFileReference; lastKnownFileType = sourcecode.c.objc; path = iReaderTests.m; sourceTree = "<group>"; };
		03D7D92D1CCD3B03003112C8 /* Info.plist */ = {isa = PBXFileReference; lastKnownFileType = text.plist.xml; path = Info.plist; sourceTree = "<group>"; };
		03D7D9321CCD3B03003112C8 /* iReaderUITests.xctest */ = {isa = PBXFileReference; explicitFileType = wrapper.cfbundle; includeInIndex = 0; path = iReaderUITests.xctest; sourceTree = BUILT_PRODUCTS_DIR; };
		03D7D9361CCD3B03003112C8 /* iReaderUITests.m */ = {isa = PBXFileReference; lastKnownFileType = sourcecode.c.objc; path = iReaderUITests.m; sourceTree = "<group>"; };
		03D7D9381CCD3B03003112C8 /* Info.plist */ = {isa = PBXFileReference; lastKnownFileType = text.plist.xml; path = Info.plist; sourceTree = "<group>"; };
/* End PBXFileReference section */

/* Begin PBXFrameworksBuildPhase section */
		03D7D90B1CCD3B03003112C8 /* Frameworks */ = {
			isa = PBXFrameworksBuildPhase;
			buildActionMask = 2147483647;
			files = (
			);
			runOnlyForDeploymentPostprocessing = 0;
		};
		03D7D9241CCD3B03003112C8 /* Frameworks */ = {
			isa = PBXFrameworksBuildPhase;
			buildActionMask = 2147483647;
			files = (
			);
			runOnlyForDeploymentPostprocessing = 0;
		};
		03D7D92F1CCD3B03003112C8 /* Frameworks */ = {
			isa = PBXFrameworksBuildPhase;
			buildActionMask = 2147483647;
			files = (
			);
			runOnlyForDeploymentPostprocessing = 0;
		};
/* End PBXFrameworksBuildPhase section */

/* Begin PBXGroup section */
		03D7D9051CCD3B03003112C8 = {
			isa = PBXGroup;
			children = (
				03D7D9101CCD3B03003112C8 /* iReader */,
				03D7D92A1CCD3B03003112C8 /* iReaderTests */,
				03D7D9351CCD3B03003112C8 /* iReaderUITests */,
				03D7D90F1CCD3B03003112C8 /* Products */,
			);
			sourceTree = "<group>";
		};
		03D7D90F1CCD3B03003112C8 /* Products */ = {
			isa = PBXGroup;
			children = (
				03D7D90E1CCD3B03003112C8 /* iReader.app */,
				03D7D9271CCD3B03003112C8 /* iReaderTests.xctest */,
				03D7D9321CCD3B03003112C8 /* iReaderUITests.xctest */,
			);
			name = Products;
			sourceTree = "<group>";
		};
		03D7D9101CCD3B03003112C8 /* iReader */ = {
			isa = PBXGroup;
			children = (
				03D7D9141CCD3B03003112C8 /* AppDelegate.h */,
				03D7D9151CCD3B03003112C8 /* AppDelegate.m */,
				03D7D9171CCD3B03003112C8 /* ViewController.h */,
				03D7D9181CCD3B03003112C8 /* ViewController.m */,
				03D7D91A1CCD3B03003112C8 /* Main.storyboard */,
				03D7D91D1CCD3B03003112C8 /* Assets.xcassets */,
				03D7D91F1CCD3B03003112C8 /* LaunchScreen.storyboard */,
				03D7D9221CCD3B03003112C8 /* Info.plist */,
				03D7D9111CCD3B03003112C8 /* Supporting Files */,
			);
			path = iReader;
			sourceTree = "<group>";
		};
		03D7D9111CCD3B03003112C8 /* Supporting Files */ = {
			isa = PBXGroup;
			children = (
				03D7D9121CCD3B03003112C8 /* main.m */,
			);
			name = "Supporting Files";
			sourceTree = "<group>";
		};
		03D7D92A1CCD3B03003112C8 /* iReaderTests */ = {
			isa = PBXGroup;
			children = (
				03D7D92B1CCD3B03003112C8 /* iReaderTests.m */,
				03D7D92D1CCD3B03003112C8 /* Info.plist */,
			);
			path = iReaderTests;
			sourceTree = "<group>";
		};
		03D7D9351CCD3B03003112C8 /* iReaderUITests */ = {
			isa = PBXGroup;
			children = (
				03D7D9361CCD3B03003112C8 /* iReaderUITests.m */,
				03D7D9381CCD3B03003112C8 /* Info.plist */,
			);
			path = iReaderUITests;
			sourceTree = "<group>";
		};
/* End PBXGroup section */

/* Begin PBXNativeTarget section */
		03D7D90D1CCD3B03003112C8 /* iReader */ = {
			isa = PBXNativeTarget;
			buildConfigurationList = 03D7D93B1CCD3B03003112C8 /* Build configuration list for PBXNativeTarget "iReader" */;
			buildPhases = (
				03D7D90A1CCD3B03003112C8 /* Sources */,
				03D7D90B1CCD3B03003112C8 /* Frameworks */,
				03D7D90C1CCD3B03003112C8 /* Resources */,
			);
			buildRules = (
			);
			dependencies = (
			);
			name = iReader;
			productName = iReader;
			productReference = 03D7D90E1CCD3B03003112C8 /* iReader.app */;
			productType = "com.apple.product-type.application";
		};
		03D7D9261CCD3B03003112C8 /* iReaderTests */ = {
			isa = PBXNativeTarget;
			buildConfigurationList = 03D7D93E1CCD3B03003112C8 /* Build configuration list for PBXNativeTarget "iReaderTests" */;
			buildPhases = (
				03D7D9231CCD3B03003112C8 /* Sources */,
				03D7D9241CCD3B03003112C8 /* Frameworks */,
				03D7D9251CCD3B03003112C8 /* Resources */,
			);
			buildRules = (
			);
			dependencies = (
				03D7D9291CCD3B03003112C8 /* PBXTargetDependency */,
			);
			name = iReaderTests;
			productName = iReaderTests;
			productReference = 03D7D9271CCD3B03003112C8 /* iReaderTests.xctest */;
			productType = "com.apple.product-type.bundle.unit-test";
		};
		03D7D9311CCD3B03003112C8 /* iReaderUITests */ = {
			isa = PBXNativeTarget;
			buildConfigurationList = 03D7D9411CCD3B03003112C8 /* Build configuration list for PBXNativeTarget "iReaderUITests" */;
			buildPhases = (
				03D7D92E1CCD3B03003112C8 /* Sources */,
				03D7D92F1CCD3B03003112C8 /* Frameworks */,
				03D7D9301CCD3B03003112C8 /* Resources */,
			);
			buildRules = (
			);
			dependencies = (
				03D7D9341CCD3B03003112C8 /* PBXTargetDependency */,
			);
			name = iReaderUITests;
			productName = iReaderUITests;
			productReference = 03D7D9321CCD3B03003112C8 /* iReaderUITests.xctest */;
			productType = "com.apple.product-type.bundle.ui-testing";
		};
/* End PBXNativeTarget section */

/* Begin PBXProject section */
		03D7D9061CCD3B03003112C8 /* Project object */ = {
			isa = PBXProject;
			attributes = {
				LastUpgradeCheck = 0730;
				ORGANIZATIONNAME = SevenCelsius;
				TargetAttributes = {
					03D7D90D1CCD3B03003112C8 = {
						CreatedOnToolsVersion = 7.3;
					};
					03D7D9261CCD3B03003112C8 = {
						CreatedOnToolsVersion = 7.3;
						TestTargetID = 03D7D90D1CCD3B03003112C8;
					};
					03D7D9311CCD3B03003112C8 = {
						CreatedOnToolsVersion = 7.3;
						TestTargetID = 03D7D90D1CCD3B03003112C8;
					};
				};
			};
			buildConfigurationList = 03D7D9091CCD3B03003112C8 /* Build configuration list for PBXProject "iReader" */;
			compatibilityVersion = "Xcode 3.2";
			developmentRegion = English;
			hasScannedForEncodings = 0;
			knownRegions = (
				en,
				Base,
			);
			mainGroup = 03D7D9051CCD3B03003112C8;
			productRefGroup = 03D7D90F1CCD3B03003112C8 /* Products */;
			projectDirPath = "";
			projectRoot = "";
			targets = (
				03D7D90D1CCD3B03003112C8 /* iReader */,
				03D7D9261CCD3B03003112C8 /* iReaderTests */,
				03D7D9311CCD3B03003112C8 /* iReaderUITests */,
			);
		};
/* End PBXProject section */

/* Begin PBXResourcesBuildPhase section */
		03D7D90C1CCD3B03003112C8 /* Resources */ = {
			isa = PBXResourcesBuildPhase;
			buildActionMask = 2147483647;
			files = (
				03D7D9211CCD3B03003112C8 /* LaunchScreen.storyboard in Resources */,
				03D7D91E1CCD3B03003112C8 /* Assets.xcassets in Resources */,
				03D7D91C1CCD3B03003112C8 /* Main.storyboard in Resources */,
			);
			runOnlyForDeploymentPostprocessing = 0;
		};
		03D7D9251CCD3B03003112C8 /* Resources */ = {
			isa = PBXResourcesBuildPhase;
			buildActionMask = 2147483647;
			files = (
			);
			runOnlyForDeploymentPostprocessing = 0;
		};
		03D7D9301CCD3B03003112C8 /* Resources */ = {
			isa = PBXResourcesBuildPhase;
			buildActionMask = 2147483647;
			files = (
			);
			runOnlyForDeploymentPostprocessing = 0;
		};
/* End PBXResourcesBuildPhase section */

/* Begin PBXSourcesBuildPhase section */
		03D7D90A1CCD3B03003112C8 /* Sources */ = {
			isa = PBXSourcesBuildPhase;
			buildActionMask = 2147483647;
			files = (
				03D7D9191CCD3B03003112C8 /* ViewController.m in Sources */,
				03D7D9161CCD3B03003112C8 /* AppDelegate.m in Sources */,
				03D7D9131CCD3B03003112C8 /* main.m in Sources */,
			);
			runOnlyForDeploymentPostprocessing = 0;
		};
		03D7D9231CCD3B03003112C8 /* Sources */ = {
			isa = PBXSourcesBuildPhase;
			buildActionMask = 2147483647;
			files = (
				03D7D92C1CCD3B03003112C8 /* iReaderTests.m in Sources */,
			);
			runOnlyForDeploymentPostprocessing = 0;
		};
		03D7D92E1CCD3B03003112C8 /* Sources */ = {
			isa = PBXSourcesBuildPhase;
			buildActionMask = 2147483647;
			files = (
				03D7D9371CCD3B03003112C8 /* iReaderUITests.m in Sources */,
			);
			runOnlyForDeploymentPostprocessing = 0;
		};
/* End PBXSourcesBuildPhase section */

/* Begin PBXTargetDependency section */
		03D7D9291CCD3B03003112C8 /* PBXTargetDependency */ = {
			isa = PBXTargetDependency;
			target = 03D7D90D1CCD3B03003112C8 /* iReader */;
			targetProxy = 03D7D9281CCD3B03003112C8 /* PBXContainerItemProxy */;
		};
		03D7D9341CCD3B03003112C8 /* PBXTargetDependency */ = {
			isa = PBXTargetDependency;
			target = 03D7D90D1CCD3B03003112C8 /* iReader */;
			targetProxy = 03D7D9331CCD3B03003112C8 /* PBXContainerItemProxy */;
		};
/* End PBXTargetDependency section */

/* Begin PBXVariantGroup section */
		03D7D91A1CCD3B03003112C8 /* Main.storyboard */ = {
			isa = PBXVariantGroup;
			children = (
				03D7D91B1CCD3B03003112C8 /* Base */,
			);
			name = Main.storyboard;
			sourceTree = "<group>";
		};
		03D7D91F1CCD3B03003112C8 /* LaunchScreen.storyboard */ = {
			isa = PBXVariantGroup;
			children = (
				03D7D9201CCD3B03003112C8 /* Base */,
			);
			name = LaunchScreen.storyboard;
			sourceTree = "<group>";
		};
/* End PBXVariantGroup section */

/* Begin XCBuildConfiguration section */
		03D7D9391CCD3B03003112C8 /* Debug */ = {
			isa = XCBuildConfiguration;
			buildSettings = {
				ALWAYS_SEARCH_USER_PATHS = NO;
				CLANG_ANALYZER_NONNULL = YES;
				CLANG_CXX_LANGUAGE_STANDARD = "gnu++0x";
				CLANG_CXX_LIBRARY = "libc++";
				CLANG_ENABLE_MODULES = YES;
				CLANG_ENABLE_OBJC_ARC = YES;
				CLANG_WARN_BOOL_CONVERSION = YES;
				CLANG_WARN_CONSTANT_CONVERSION = YES;
				CLANG_WARN_DIRECT_OBJC_ISA_USAGE = YES_ERROR;
				CLANG_WARN_EMPTY_BODY = YES;
				CLANG_WARN_ENUM_CONVERSION = YES;
				CLANG_WARN_INT_CONVERSION = YES;
				CLANG_WARN_OBJC_ROOT_CLASS = YES_ERROR;
				CLANG_WARN_UNREACHABLE_CODE = YES;
				CLANG_WARN__DUPLICATE_METHOD_MATCH = YES;
				"CODE_SIGN_IDENTITY[sdk=iphoneos*]" = "iPhone Developer";
				COPY_PHASE_STRIP = NO;
				DEBUG_INFORMATION_FORMAT = dwarf;
				ENABLE_STRICT_OBJC_MSGSEND = YES;
				ENABLE_TESTABILITY = YES;
				GCC_C_LANGUAGE_STANDARD = gnu99;
				GCC_DYNAMIC_NO_PIC = NO;
				GCC_NO_COMMON_BLOCKS = YES;
				GCC_OPTIMIZATION_LEVEL = 0;
				GCC_PREPROCESSOR_DEFINITIONS = (
					"DEBUG=1",
					"$(inherited)",
				);
				GCC_WARN_64_TO_32_BIT_CONVERSION = YES;
				GCC_WARN_ABOUT_RETURN_TYPE = YES_ERROR;
				GCC_WARN_UNDECLARED_SELECTOR = YES;
				GCC_WARN_UNINITIALIZED_AUTOS = YES_AGGRESSIVE;
				GCC_WARN_UNUSED_FUNCTION = YES;
				GCC_WARN_UNUSED_VARIABLE = YES;
				IPHONEOS_DEPLOYMENT_TARGET = 9.3;
				MTL_ENABLE_DEBUG_INFO = YES;
				ONLY_ACTIVE_ARCH = YES;
				SDKROOT = iphoneos;
			};
			name = Debug;
		};
		03D7D93A1CCD3B03003112C8 /* Release */ = {
			isa = XCBuildConfiguration;
			buildSettings = {
				ALWAYS_SEARCH_USER_PATHS = NO;
				CLANG_ANALYZER_NONNULL = YES;
				CLANG_CXX_LANGUAGE_STANDARD = "gnu++0x";
				CLANG_CXX_LIBRARY = "libc++";
				CLANG_ENABLE_MODULES = YES;
				CLANG_ENABLE_OBJC_ARC = YES;
				CLANG_WARN_BOOL_CONVERSION = YES;
				CLANG_WARN_CONSTANT_CONVERSION = YES;
				CLANG_WARN_DIRECT_OBJC_ISA_USAGE = YES_ERROR;
				CLANG_WARN_EMPTY_BODY = YES;
				CLANG_WARN_ENUM_CONVERSION = YES;
				CLANG_WARN_INT_CONVERSION = YES;
				CLANG_WARN_OBJC_ROOT_CLASS = YES_ERROR;
				CLANG_WARN_UNREACHABLE_CODE = YES;
				CLANG_WARN__DUPLICATE_METHOD_MATCH = YES;
				"CODE_SIGN_IDENTITY[sdk=iphoneos*]" = "iPhone Developer";
				COPY_PHASE_STRIP = NO;
				DEBUG_INFORMATION_FORMAT = "dwarf-with-dsym";
				ENABLE_NS_ASSERTIONS = NO;
				ENABLE_STRICT_OBJC_MSGSEND = YES;
				GCC_C_LANGUAGE_STANDARD = gnu99;
				GCC_NO_COMMON_BLOCKS = YES;
				GCC_WARN_64_TO_32_BIT_CONVERSION = YES;
				GCC_WARN_ABOUT_RETURN_TYPE = YES_ERROR;
				GCC_WARN_UNDECLARED_SELECTOR = YES;
				GCC_WARN_UNINITIALIZED_AUTOS = YES_AGGRESSIVE;
				GCC_WARN_UNUSED_FUNCTION = YES;
				GCC_WARN_UNUSED_VARIABLE = YES;
				IPHONEOS_DEPLOYMENT_TARGET = 9.3;
				MTL_ENABLE_DEBUG_INFO = NO;
				SDKROOT = iphoneos;
				VALIDATE_PRODUCT = YES;
			};
			name = Release;
		};
		03D7D93C1CCD3B03003112C8 /* Debug */ = {
			isa = XCBuildConfiguration;
			buildSettings = {
				ASSETCATALOG_COMPILER_APPICON_NAME = AppIcon;
				INFOPLIST_FILE = iReader/Info.plist;
				LD_RUNPATH_SEARCH_PATHS = "$(inherited) @executable_path/Frameworks";
				PRODUCT_BUNDLE_IDENTIFIER = com.sevencelsius.iReader;
				PRODUCT_NAME = "$(TARGET_NAME)";
			};
			name = Debug;
		};
		03D7D93D1CCD3B03003112C8 /* Release */ = {
			isa = XCBuildConfiguration;
			buildSettings = {
				ASSETCATALOG_COMPILER_APPICON_NAME = AppIcon;
				INFOPLIST_FILE = iReader/Info.plist;
				LD_RUNPATH_SEARCH_PATHS = "$(inherited) @executable_path/Frameworks";
				PRODUCT_BUNDLE_IDENTIFIER = com.sevencelsius.iReader;
				PRODUCT_NAME = "$(TARGET_NAME)";
			};
			name = Release;
		};
		03D7D93F1CCD3B03003112C8 /* Debug */ = {
			isa = XCBuildConfiguration;
			buildSettings = {
				BUNDLE_LOADER = "$(TEST_HOST)";
				INFOPLIST_FILE = iReaderTests/Info.plist;
				LD_RUNPATH_SEARCH_PATHS = "$(inherited) @executable_path/Frameworks @loader_path/Frameworks";
				PRODUCT_BUNDLE_IDENTIFIER = com.sevencelsius.iReaderTests;
				PRODUCT_NAME = "$(TARGET_NAME)";
				TEST_HOST = "$(BUILT_PRODUCTS_DIR)/iReader.app/iReader";
			};
			name = Debug;
		};
		03D7D9401CCD3B03003112C8 /* Release */ = {
			isa = XCBuildConfiguration;
			buildSettings = {
				BUNDLE_LOADER = "$(TEST_HOST)";
				INFOPLIST_FILE = iReaderTests/Info.plist;
				LD_RUNPATH_SEARCH_PATHS = "$(inherited) @executable_path/Frameworks @loader_path/Frameworks";
				PRODUCT_BUNDLE_IDENTIFIER = com.sevencelsius.iReaderTests;
				PRODUCT_NAME = "$(TARGET_NAME)";
				TEST_HOST = "$(BUILT_PRODUCTS_DIR)/iReader.app/iReader";
			};
			name = Release;
		};
		03D7D9421CCD3B03003112C8 /* Debug */ = {
			isa = XCBuildConfiguration;
			buildSettings = {
				INFOPLIST_FILE = iReaderUITests/Info.plist;
				LD_RUNPATH_SEARCH_PATHS = "$(inherited) @executable_path/Frameworks @loader_path/Frameworks";
				PRODUCT_BUNDLE_IDENTIFIER = com.sevencelsius.iReaderUITests;
				PRODUCT_NAME = "$(TARGET_NAME)";
				TEST_TARGET_NAME = iReader;
			};
			name = Debug;
		};
		03D7D9431CCD3B03003112C8 /* Release */ = {
			isa = XCBuildConfiguration;
			buildSettings = {
				INFOPLIST_FILE = iReaderUITests/Info.plist;
				LD_RUNPATH_SEARCH_PATHS = "$(inherited) @executable_path/Frameworks @loader_path/Frameworks";
				PRODUCT_BUNDLE_IDENTIFIER = com.sevencelsius.iReaderUITests;
				PRODUCT_NAME = "$(TARGET_NAME)";
				TEST_TARGET_NAME = iReader;
			};
			name = Release;
		};
/* End XCBuildConfiguration section */

/* Begin XCConfigurationList section */
		03D7D9091CCD3B03003112C8 /* Build configuration list for PBXProject "iReader" */ = {
			isa = XCConfigurationList;
			buildConfigurations = (
				03D7D9391CCD3B03003112C8 /* Debug */,
				03D7D93A1CCD3B03003112C8 /* Release */,
			);
			defaultConfigurationIsVisible = 0;
			defaultConfigurationName = Release;
		};
		03D7D93B1CCD3B03003112C8 /* Build configuration list for PBXNativeTarget "iReader" */ = {
			isa = XCConfigurationList;
			buildConfigurations = (
				03D7D93C1CCD3B03003112C8 /* Debug */,
				03D7D93D1CCD3B03003112C8 /* Release */,
			);
			defaultConfigurationIsVisible = 0;
		};
		03D7D93E1CCD3B03003112C8 /* Build configuration list for PBXNativeTarget "iReaderTests" */ = {
			isa = XCConfigurationList;
			buildConfigurations = (
				03D7D93F1CCD3B03003112C8 /* Debug */,
				03D7D9401CCD3B03003112C8 /* Release */,
			);
			defaultConfigurationIsVisible = 0;
		};
		03D7D9411CCD3B03003112C8 /* Build configuration list for PBXNativeTarget "iReaderUITests" */ = {
			isa = XCConfigurationList;
			buildConfigurations = (
				03D7D9421CCD3B03003112C8 /* Debug */,
				03D7D9431CCD3B03003112C8 /* Release */,
			);
			defaultConfigurationIsVisible = 0;
		};
/* End XCConfigurationList section */
	};
	rootObject = 03D7D9061CCD3B03003112C8 /* Project object */;
}
