// !$*UTF8*$!
{
	archiveVersion = 1;
	classes = {
	};
	objectVersion = 46;
	objects = {

/* Begin PBXBuildFile section */
		031DB0ED1CCFEF2A0084EB1D /* Reachability.m in Sources */ = {isa = PBXBuildFile; fileRef = 031DB0EC1CCFEF2A0084EB1D /* Reachability.m */; };
		031DB0F01CCFEFB30084EB1D /* SystemConfiguration.framework in Frameworks */ = {isa = PBXBuildFile; fileRef = 031DB0EF1CCFEFB30084EB1D /* SystemConfiguration.framework */; };
		031DB0F31CD03D0A0084EB1D /* SCHomeModel.m in Sources */ = {isa = PBXBuildFile; fileRef = 031DB0F21CD03D0A0084EB1D /* SCHomeModel.m */; };
		031DB0F61CD0402A0084EB1D /* SCHomeCollectionCell.m in Sources */ = {isa = PBXBuildFile; fileRef = 031DB0F51CD0402A0084EB1D /* SCHomeCollectionCell.m */; };
		031DB0F81CD0406D0084EB1D /* SCHomeCollectionCell.xib in Resources */ = {isa = PBXBuildFile; fileRef = 031DB0F71CD0406D0084EB1D /* SCHomeCollectionCell.xib */; };
		031DB0FB1CD0433C0084EB1D /* SCReadingModel.m in Sources */ = {isa = PBXBuildFile; fileRef = 031DB0FA1CD0433C0084EB1D /* SCReadingModel.m */; };
		031DB0FE1CD043570084EB1D /* SCMusicModel.m in Sources */ = {isa = PBXBuildFile; fileRef = 031DB0FD1CD043570084EB1D /* SCMusicModel.m */; };
		031DB1011CD0436E0084EB1D /* SCMovieModel.m in Sources */ = {isa = PBXBuildFile; fileRef = 031DB1001CD0436E0084EB1D /* SCMovieModel.m */; };
		032185891CDB289F00DBBA74 /* UIColor+SCColorExtension.m in Sources */ = {isa = PBXBuildFile; fileRef = 032185881CDB289F00DBBA74 /* UIColor+SCColorExtension.m */; };
		032725041CD4455E007A094A /* SCMovieDetailController.m in Sources */ = {isa = PBXBuildFile; fileRef = 032725031CD4455E007A094A /* SCMovieDetailController.m */; };
		032725071CD481CD007A094A /* SCMoDetailModel.m in Sources */ = {isa = PBXBuildFile; fileRef = 032725061CD481CD007A094A /* SCMoDetailModel.m */; };
		0327250E1CD49043007A094A /* SCReDetailController.m in Sources */ = {isa = PBXBuildFile; fileRef = 0327250D1CD49043007A094A /* SCReDetailController.m */; };
		032725111CD4A78A007A094A /* SCAuthorModel.m in Sources */ = {isa = PBXBuildFile; fileRef = 032725101CD4A78A007A094A /* SCAuthorModel.m */; };
		032725171CD4A947007A094A /* SCBaseContentModel.m in Sources */ = {isa = PBXBuildFile; fileRef = 032725161CD4A947007A094A /* SCBaseContentModel.m */; };
		0327251A1CD4A968007A094A /* SCQuestionModel.m in Sources */ = {isa = PBXBuildFile; fileRef = 032725191CD4A968007A094A /* SCQuestionModel.m */; };
		0327251D1CD4A995007A094A /* SCSerialModel.m in Sources */ = {isa = PBXBuildFile; fileRef = 0327251C1CD4A995007A094A /* SCSerialModel.m */; };
		032725201CD4A9AD007A094A /* SCEssayModel.m in Sources */ = {isa = PBXBuildFile; fileRef = 0327251F1CD4A9AD007A094A /* SCEssayModel.m */; };
		032725231CD4AC91007A094A /* SCFactoryModel.m in Sources */ = {isa = PBXBuildFile; fileRef = 032725221CD4AC91007A094A /* SCFactoryModel.m */; };
		033760681CDBC17E003F860A /* SCMuRelatedModel.m in Sources */ = {isa = PBXBuildFile; fileRef = 033760671CDBC17E003F860A /* SCMuRelatedModel.m */; };
		0337606B1CDBC788003F860A /* SCMuDetailModel.m in Sources */ = {isa = PBXBuildFile; fileRef = 0337606A1CDBC788003F860A /* SCMuDetailModel.m */; };
		0337606E1CDBC90C003F860A /* SCMusicCollectionCell.m in Sources */ = {isa = PBXBuildFile; fileRef = 0337606D1CDBC90C003F860A /* SCMusicCollectionCell.m */; };
		03439E771CDFFD1C008756F6 /* SCReFactoryModel.m in Sources */ = {isa = PBXBuildFile; fileRef = 03439E761CDFFD1C008756F6 /* SCReFactoryModel.m */; };
		03439E7A1CDFFF09008756F6 /* SCReadingDetailModel.m in Sources */ = {isa = PBXBuildFile; fileRef = 03439E791CDFFF09008756F6 /* SCReadingDetailModel.m */; };
		03439E7D1CE00894008756F6 /* SCReBaseHeader.m in Sources */ = {isa = PBXBuildFile; fileRef = 03439E7C1CE00894008756F6 /* SCReBaseHeader.m */; };
		0347E7921CD3F931008E4941 /* SCPersonalController.m in Sources */ = {isa = PBXBuildFile; fileRef = 0347E7911CD3F931008E4941 /* SCPersonalController.m */; };
		0347E7951CD3F977008E4941 /* SCSearchController.m in Sources */ = {isa = PBXBuildFile; fileRef = 0347E7941CD3F977008E4941 /* SCSearchController.m */; };
		03588DA51CD91E4800230401 /* SCMusicHeader.m in Sources */ = {isa = PBXBuildFile; fileRef = 03588DA41CD91E4800230401 /* SCMusicHeader.m */; };
		03588DA91CD9210B00230401 /* SCMusicHeader.xib in Resources */ = {isa = PBXBuildFile; fileRef = 03588DA81CD9210B00230401 /* SCMusicHeader.xib */; };
		03588DAC1CD95D2700230401 /* SCSectionHeader.m in Sources */ = {isa = PBXBuildFile; fileRef = 03588DAB1CD95D2700230401 /* SCSectionHeader.m */; };
		03588DAE1CD95D7100230401 /* SCSectionHeader.xib in Resources */ = {isa = PBXBuildFile; fileRef = 03588DAD1CD95D7100230401 /* SCSectionHeader.xib */; };
		03588DB11CD9623800230401 /* UIButton+SCExtension.m in Sources */ = {isa = PBXBuildFile; fileRef = 03588DB01CD9623800230401 /* UIButton+SCExtension.m */; };
		035D8CFF1CD5E604003574DC /* SCBannerModel.m in Sources */ = {isa = PBXBuildFile; fileRef = 035D8CFE1CD5E604003574DC /* SCBannerModel.m */; };
		0362B32D1CCE92BA00B6E8FF /* SCMovieController.m in Sources */ = {isa = PBXBuildFile; fileRef = 0362B32C1CCE92BA00B6E8FF /* SCMovieController.m */; };
		0362B3301CCE92D200B6E8FF /* SCMusicController.m in Sources */ = {isa = PBXBuildFile; fileRef = 0362B32F1CCE92D200B6E8FF /* SCMusicController.m */; };
		0362B3331CCE92E900B6E8FF /* SCReadingController.m in Sources */ = {isa = PBXBuildFile; fileRef = 0362B3321CCE92E900B6E8FF /* SCReadingController.m */; };
		0362B3361CCEDB4700B6E8FF /* UIBarButtonItem+SCExtension.m in Sources */ = {isa = PBXBuildFile; fileRef = 0362B3351CCEDB4700B6E8FF /* UIBarButtonItem+SCExtension.m */; };
		0362B33A1CCEE26300B6E8FF /* SCNetWorkImage.m in Sources */ = {isa = PBXBuildFile; fileRef = 0362B3391CCEE26300B6E8FF /* SCNetWorkImage.m */; };
		0362B33D1CCEEAD600B6E8FF /* SCNetWorkAFRequest.m in Sources */ = {isa = PBXBuildFile; fileRef = 0362B33C1CCEEAD600B6E8FF /* SCNetWorkAFRequest.m */; };
		036ADFEE1CD2782900F9FE54 /* SCReadTabCell.m in Sources */ = {isa = PBXBuildFile; fileRef = 036ADFED1CD2782900F9FE54 /* SCReadTabCell.m */; };
		036ADFF01CD2784000F9FE54 /* SCReadTabCell.xib in Resources */ = {isa = PBXBuildFile; fileRef = 036ADFEF1CD2784000F9FE54 /* SCReadTabCell.xib */; };
		036ADFF31CD27AC600F9FE54 /* SCMovieTabCell.m in Sources */ = {isa = PBXBuildFile; fileRef = 036ADFF21CD27AC600F9FE54 /* SCMovieTabCell.m */; };
		036ADFF51CD27B2E00F9FE54 /* SCMovieTabCell.xib in Resources */ = {isa = PBXBuildFile; fileRef = 036ADFF41CD27B2E00F9FE54 /* SCMovieTabCell.xib */; };
		036AE0021CD2BF0D00F9FE54 /* SCMuListColCell.m in Sources */ = {isa = PBXBuildFile; fileRef = 036AE0011CD2BF0D00F9FE54 /* SCMuListColCell.m */; };
		036AE0041CD2C14B00F9FE54 /* SCMuListColCell.xib in Resources */ = {isa = PBXBuildFile; fileRef = 036AE0031CD2C14B00F9FE54 /* SCMuListColCell.xib */; };
		036B0D411CD182AA00D8205F /* UIImage+SCOrgImg.m in Sources */ = {isa = PBXBuildFile; fileRef = 036B0D401CD182AA00D8205F /* UIImage+SCOrgImg.m */; };
		036B47B51CDDCDA8005CD18F /* SCMuStoryTabCell.m in Sources */ = {isa = PBXBuildFile; fileRef = 036B47B41CDDCDA8005CD18F /* SCMuStoryTabCell.m */; };
		036B47B91CDDCE6C005CD18F /* SCMuStoryTabCell.xib in Resources */ = {isa = PBXBuildFile; fileRef = 036B47B81CDDCE6C005CD18F /* SCMuStoryTabCell.xib */; };
		036B47BD1CDDDC02005CD18F /* SCMuRelatedTabCell.m in Sources */ = {isa = PBXBuildFile; fileRef = 036B47BC1CDDDC02005CD18F /* SCMuRelatedTabCell.m */; };
		036B47C01CDDE1BA005CD18F /* SCFactoryCell.m in Sources */ = {isa = PBXBuildFile; fileRef = 036B47BF1CDDE1BA005CD18F /* SCFactoryCell.m */; };
		036B47C51CDE0268005CD18F /* SCRelatedDetailController.m in Sources */ = {isa = PBXBuildFile; fileRef = 036B47C41CDE0268005CD18F /* SCRelatedDetailController.m */; };
		036B47C81CDE05CF005CD18F /* UIView+SCExtent.m in Sources */ = {isa = PBXBuildFile; fileRef = 036B47C71CDE05CF005CD18F /* UIView+SCExtent.m */; };
		03709D0C1CD8171800608917 /* SCQuDetailModel.m in Sources */ = {isa = PBXBuildFile; fileRef = 03709D0B1CD8171800608917 /* SCQuDetailModel.m */; };
		03709D0F1CD817B100608917 /* SCEsDetailModel.m in Sources */ = {isa = PBXBuildFile; fileRef = 03709D0E1CD817B100608917 /* SCEsDetailModel.m */; };
		03709D121CD817DF00608917 /* SCSeDetailModel.m in Sources */ = {isa = PBXBuildFile; fileRef = 03709D111CD817DF00608917 /* SCSeDetailModel.m */; };
		03709D151CD877B100608917 /* SCCommentTabCell.m in Sources */ = {isa = PBXBuildFile; fileRef = 03709D141CD877B100608917 /* SCCommentTabCell.m */; };
		03709D171CD877DE00608917 /* SCCommentTabCell.xib in Resources */ = {isa = PBXBuildFile; fileRef = 03709D161CD877DE00608917 /* SCCommentTabCell.xib */; };
		03709D1A1CD87CFA00608917 /* SCQuDetailHeader.m in Sources */ = {isa = PBXBuildFile; fileRef = 03709D191CD87CFA00608917 /* SCQuDetailHeader.m */; };
		03709D1D1CD87D1A00608917 /* SCOtherHeader.m in Sources */ = {isa = PBXBuildFile; fileRef = 03709D1C1CD87D1A00608917 /* SCOtherHeader.m */; };
		03709D1F1CD87D3600608917 /* SCQuDetailHeader.xib in Resources */ = {isa = PBXBuildFile; fileRef = 03709D1E1CD87D3600608917 /* SCQuDetailHeader.xib */; };
		03709D211CD8832800608917 /* SCOtherHeader.xib in Resources */ = {isa = PBXBuildFile; fileRef = 03709D201CD8832800608917 /* SCOtherHeader.xib */; };
		03709D241CD88B0700608917 /* SCUserModel.m in Sources */ = {isa = PBXBuildFile; fileRef = 03709D231CD88B0700608917 /* SCUserModel.m */; };
		03709D271CD88B8E00608917 /* SCCommentModel.m in Sources */ = {isa = PBXBuildFile; fileRef = 03709D261CD88B8E00608917 /* SCCommentModel.m */; };
		03709D2C1CD89C8D00608917 /* SCMoDetailHeader.xib in Resources */ = {isa = PBXBuildFile; fileRef = 03709D2B1CD89C8D00608917 /* SCMoDetailHeader.xib */; };
		03709D2F1CD89EAC00608917 /* SCMoDetailHeader.m in Sources */ = {isa = PBXBuildFile; fileRef = 03709D2E1CD89EAC00608917 /* SCMoDetailHeader.m */; };
		03709D321CD8A01A00608917 /* SCModetailCell.m in Sources */ = {isa = PBXBuildFile; fileRef = 03709D311CD8A01A00608917 /* SCModetailCell.m */; };
		03709D341CD8A02F00608917 /* SCModetailCell.xib in Resources */ = {isa = PBXBuildFile; fileRef = 03709D331CD8A02F00608917 /* SCModetailCell.xib */; };
		03709D371CD8A16B00608917 /* SCMoStoryModel.m in Sources */ = {isa = PBXBuildFile; fileRef = 03709D361CD8A16B00608917 /* SCMoStoryModel.m */; };
		0377C06F1CDABE380002B953 /* SCBannerController.m in Sources */ = {isa = PBXBuildFile; fileRef = 0377C06E1CDABE380002B953 /* SCBannerController.m */; };
		0377C0721CDAC1C80002B953 /* SCBannerDetailModel.m in Sources */ = {isa = PBXBuildFile; fileRef = 0377C0711CDAC1C80002B953 /* SCBannerDetailModel.m */; };
		0377C07C1CDAC7490002B953 /* SCBaDetailTabCell.m in Sources */ = {isa = PBXBuildFile; fileRef = 0377C07B1CDAC7490002B953 /* SCBaDetailTabCell.m */; };
		0377C07E1CDAC76F0002B953 /* SCBaDetailTabCell.xib in Resources */ = {isa = PBXBuildFile; fileRef = 0377C07D1CDAC76F0002B953 /* SCBaDetailTabCell.xib */; };
		03A783C41CCDC4D9005D51FC /* AppDelegate.m in Sources */ = {isa = PBXBuildFile; fileRef = 03A783B51CCDC4D9005D51FC /* AppDelegate.m */; };
		03A783C51CCDC4D9005D51FC /* main.m in Sources */ = {isa = PBXBuildFile; fileRef = 03A783B61CCDC4D9005D51FC /* main.m */; };
		03A783CC1CCDD716005D51FC /* SCBaseController.m in Sources */ = {isa = PBXBuildFile; fileRef = 03A783CB1CCDD716005D51FC /* SCBaseController.m */; };
		03A783D11CCDDA69005D51FC /* SCNetAPI.m in Sources */ = {isa = PBXBuildFile; fileRef = 03A783D01CCDDA69005D51FC /* SCNetAPI.m */; };
		03A783D41CCDE758005D51FC /* SCBaseModel.m in Sources */ = {isa = PBXBuildFile; fileRef = 03A783D31CCDE758005D51FC /* SCBaseModel.m */; };
		03A783D71CCDE7E8005D51FC /* SCHomeController.m in Sources */ = {isa = PBXBuildFile; fileRef = 03A783D61CCDE7E8005D51FC /* SCHomeController.m */; };
		03A783DA1CCDE9AA005D51FC /* SCCusNaviController.m in Sources */ = {isa = PBXBuildFile; fileRef = 03A783D91CCDE9AA005D51FC /* SCCusNaviController.m */; };
		03A783DD1CCDEA08005D51FC /* SCCusTabBarController.m in Sources */ = {isa = PBXBuildFile; fileRef = 03A783DC1CCDEA08005D51FC /* SCCusTabBarController.m */; };
		03A783E01CCDEA4C005D51FC /* SCBaseCollectionCell.m in Sources */ = {isa = PBXBuildFile; fileRef = 03A783DF1CCDEA4C005D51FC /* SCBaseCollectionCell.m */; };
		03A783E31CCDEA66005D51FC /* SCBaseTableViewCell.m in Sources */ = {isa = PBXBuildFile; fileRef = 03A783E21CCDEA66005D51FC /* SCBaseTableViewCell.m */; };
		03D7D91C1CCD3B03003112C8 /* Main.storyboard in Resources */ = {isa = PBXBuildFile; fileRef = 03D7D91A1CCD3B03003112C8 /* Main.storyboard */; };
		03D7D91E1CCD3B03003112C8 /* Assets.xcassets in Resources */ = {isa = PBXBuildFile; fileRef = 03D7D91D1CCD3B03003112C8 /* Assets.xcassets */; };
		03D7D9211CCD3B03003112C8 /* LaunchScreen.storyboard in Resources */ = {isa = PBXBuildFile; fileRef = 03D7D91F1CCD3B03003112C8 /* LaunchScreen.storyboard */; };
		03D7D92C1CCD3B03003112C8 /* iReaderTests.m in Sources */ = {isa = PBXBuildFile; fileRef = 03D7D92B1CCD3B03003112C8 /* iReaderTests.m */; };
		03D7D9371CCD3B03003112C8 /* iReaderUITests.m in Sources */ = {isa = PBXBuildFile; fileRef = 03D7D9361CCD3B03003112C8 /* iReaderUITests.m */; };
		30F1E23E60C4736C8AFF7EDD /* libPods.a in Frameworks */ = {isa = PBXBuildFile; fileRef = 12B4A352C8FE36A641221EAF /* libPods.a */; };
/* End PBXBuildFile section */

/* Begin PBXContainerItemProxy section */
		03D7D9281CCD3B03003112C8 /* PBXContainerItemProxy */ = {
			isa = PBXContainerItemProxy;
			containerPortal = 03D7D9061CCD3B03003112C8 /* Project object */;
			proxyType = 1;
			remoteGlobalIDString = 03D7D90D1CCD3B03003112C8;
			remoteInfo = iReader;
		};
		03D7D9331CCD3B03003112C8 /* PBXContainerItemProxy */ = {
			isa = PBXContainerItemProxy;
			containerPortal = 03D7D9061CCD3B03003112C8 /* Project object */;
			proxyType = 1;
			remoteGlobalIDString = 03D7D90D1CCD3B03003112C8;
			remoteInfo = iReader;
		};
/* End PBXContainerItemProxy section */

/* Begin PBXFileReference section */
		031DB0EB1CCFEF250084EB1D /* Reachability.h */ = {isa = PBXFileReference; fileEncoding = 4; lastKnownFileType = sourcecode.c.h; path = Reachability.h; sourceTree = "<group>"; };
		031DB0EC1CCFEF2A0084EB1D /* Reachability.m */ = {isa = PBXFileReference; fileEncoding = 4; lastKnownFileType = sourcecode.c.objc; path = Reachability.m; sourceTree = "<group>"; };
		031DB0EF1CCFEFB30084EB1D /* SystemConfiguration.framework */ = {isa = PBXFileReference; lastKnownFileType = wrapper.framework; name = SystemConfiguration.framework; path = System/Library/Frameworks/SystemConfiguration.framework; sourceTree = SDKROOT; };
		031DB0F11CD03D0A0084EB1D /* SCHomeModel.h */ = {isa = PBXFileReference; fileEncoding = 4; lastKnownFileType = sourcecode.c.h; path = SCHomeModel.h; sourceTree = "<group>"; };
		031DB0F21CD03D0A0084EB1D /* SCHomeModel.m */ = {isa = PBXFileReference; fileEncoding = 4; lastKnownFileType = sourcecode.c.objc; path = SCHomeModel.m; sourceTree = "<group>"; };
		031DB0F41CD0402A0084EB1D /* SCHomeCollectionCell.h */ = {isa = PBXFileReference; fileEncoding = 4; lastKnownFileType = sourcecode.c.h; path = SCHomeCollectionCell.h; sourceTree = "<group>"; };
		031DB0F51CD0402A0084EB1D /* SCHomeCollectionCell.m */ = {isa = PBXFileReference; fileEncoding = 4; lastKnownFileType = sourcecode.c.objc; path = SCHomeCollectionCell.m; sourceTree = "<group>"; };
		031DB0F71CD0406D0084EB1D /* SCHomeCollectionCell.xib */ = {isa = PBXFileReference; fileEncoding = 4; lastKnownFileType = file.xib; path = SCHomeCollectionCell.xib; sourceTree = "<group>"; };
		031DB0F91CD0433C0084EB1D /* SCReadingModel.h */ = {isa = PBXFileReference; fileEncoding = 4; lastKnownFileType = sourcecode.c.h; path = SCReadingModel.h; sourceTree = "<group>"; };
		031DB0FA1CD0433C0084EB1D /* SCReadingModel.m */ = {isa = PBXFileReference; fileEncoding = 4; lastKnownFileType = sourcecode.c.objc; path = SCReadingModel.m; sourceTree = "<group>"; };
		031DB0FC1CD043570084EB1D /* SCMusicModel.h */ = {isa = PBXFileReference; fileEncoding = 4; lastKnownFileType = sourcecode.c.h; path = SCMusicModel.h; sourceTree = "<group>"; };
		031DB0FD1CD043570084EB1D /* SCMusicModel.m */ = {isa = PBXFileReference; fileEncoding = 4; lastKnownFileType = sourcecode.c.objc; path = SCMusicModel.m; sourceTree = "<group>"; };
		031DB0FF1CD0436E0084EB1D /* SCMovieModel.h */ = {isa = PBXFileReference; fileEncoding = 4; lastKnownFileType = sourcecode.c.h; path = SCMovieModel.h; sourceTree = "<group>"; };
		031DB1001CD0436E0084EB1D /* SCMovieModel.m */ = {isa = PBXFileReference; fileEncoding = 4; lastKnownFileType = sourcecode.c.objc; path = SCMovieModel.m; sourceTree = "<group>"; };
		032185871CDB289F00DBBA74 /* UIColor+SCColorExtension.h */ = {isa = PBXFileReference; fileEncoding = 4; lastKnownFileType = sourcecode.c.h; path = "UIColor+SCColorExtension.h"; sourceTree = "<group>"; };
		032185881CDB289F00DBBA74 /* UIColor+SCColorExtension.m */ = {isa = PBXFileReference; fileEncoding = 4; lastKnownFileType = sourcecode.c.objc; path = "UIColor+SCColorExtension.m"; sourceTree = "<group>"; };
		032725021CD4455E007A094A /* SCMovieDetailController.h */ = {isa = PBXFileReference; fileEncoding = 4; lastKnownFileType = sourcecode.c.h; path = SCMovieDetailController.h; sourceTree = "<group>"; };
		032725031CD4455E007A094A /* SCMovieDetailController.m */ = {isa = PBXFileReference; fileEncoding = 4; lastKnownFileType = sourcecode.c.objc; path = SCMovieDetailController.m; sourceTree = "<group>"; };
		032725051CD481CD007A094A /* SCMoDetailModel.h */ = {isa = PBXFileReference; fileEncoding = 4; lastKnownFileType = sourcecode.c.h; path = SCMoDetailModel.h; sourceTree = "<group>"; };
		032725061CD481CD007A094A /* SCMoDetailModel.m */ = {isa = PBXFileReference; fileEncoding = 4; lastKnownFileType = sourcecode.c.objc; path = SCMoDetailModel.m; sourceTree = "<group>"; };
		0327250C1CD49043007A094A /* SCReDetailController.h */ = {isa = PBXFileReference; fileEncoding = 4; lastKnownFileType = sourcecode.c.h; path = SCReDetailController.h; sourceTree = "<group>"; };
		0327250D1CD49043007A094A /* SCReDetailController.m */ = {isa = PBXFileReference; fileEncoding = 4; lastKnownFileType = sourcecode.c.objc; path = SCReDetailController.m; sourceTree = "<group>"; };
		0327250F1CD4A78A007A094A /* SCAuthorModel.h */ = {isa = PBXFileReference; fileEncoding = 4; lastKnownFileType = sourcecode.c.h; path = SCAuthorModel.h; sourceTree = "<group>"; };
		032725101CD4A78A007A094A /* SCAuthorModel.m */ = {isa = PBXFileReference; fileEncoding = 4; lastKnownFileType = sourcecode.c.objc; path = SCAuthorModel.m; sourceTree = "<group>"; };
		032725151CD4A947007A094A /* SCBaseContentModel.h */ = {isa = PBXFileReference; fileEncoding = 4; lastKnownFileType = sourcecode.c.h; path = SCBaseContentModel.h; sourceTree = "<group>"; };
		032725161CD4A947007A094A /* SCBaseContentModel.m */ = {isa = PBXFileReference; fileEncoding = 4; lastKnownFileType = sourcecode.c.objc; path = SCBaseContentModel.m; sourceTree = "<group>"; };
		032725181CD4A968007A094A /* SCQuestionModel.h */ = {isa = PBXFileReference; fileEncoding = 4; lastKnownFileType = sourcecode.c.h; path = SCQuestionModel.h; sourceTree = "<group>"; };
		032725191CD4A968007A094A /* SCQuestionModel.m */ = {isa = PBXFileReference; fileEncoding = 4; lastKnownFileType = sourcecode.c.objc; path = SCQuestionModel.m; sourceTree = "<group>"; };
		0327251B1CD4A995007A094A /* SCSerialModel.h */ = {isa = PBXFileReference; fileEncoding = 4; lastKnownFileType = sourcecode.c.h; path = SCSerialModel.h; sourceTree = "<group>"; };
		0327251C1CD4A995007A094A /* SCSerialModel.m */ = {isa = PBXFileReference; fileEncoding = 4; lastKnownFileType = sourcecode.c.objc; path = SCSerialModel.m; sourceTree = "<group>"; };
		0327251E1CD4A9AD007A094A /* SCEssayModel.h */ = {isa = PBXFileReference; fileEncoding = 4; lastKnownFileType = sourcecode.c.h; path = SCEssayModel.h; sourceTree = "<group>"; };
		0327251F1CD4A9AD007A094A /* SCEssayModel.m */ = {isa = PBXFileReference; fileEncoding = 4; lastKnownFileType = sourcecode.c.objc; path = SCEssayModel.m; sourceTree = "<group>"; };
		032725211CD4AC91007A094A /* SCFactoryModel.h */ = {isa = PBXFileReference; fileEncoding = 4; lastKnownFileType = sourcecode.c.h; path = SCFactoryModel.h; sourceTree = "<group>"; };
		032725221CD4AC91007A094A /* SCFactoryModel.m */ = {isa = PBXFileReference; fileEncoding = 4; lastKnownFileType = sourcecode.c.objc; path = SCFactoryModel.m; sourceTree = "<group>"; };
		033760661CDBC17E003F860A /* SCMuRelatedModel.h */ = {isa = PBXFileReference; fileEncoding = 4; lastKnownFileType = sourcecode.c.h; path = SCMuRelatedModel.h; sourceTree = "<group>"; };
		033760671CDBC17E003F860A /* SCMuRelatedModel.m */ = {isa = PBXFileReference; fileEncoding = 4; lastKnownFileType = sourcecode.c.objc; path = SCMuRelatedModel.m; sourceTree = "<group>"; };
		033760691CDBC788003F860A /* SCMuDetailModel.h */ = {isa = PBXFileReference; fileEncoding = 4; lastKnownFileType = sourcecode.c.h; path = SCMuDetailModel.h; sourceTree = "<group>"; };
		0337606A1CDBC788003F860A /* SCMuDetailModel.m */ = {isa = PBXFileReference; fileEncoding = 4; lastKnownFileType = sourcecode.c.objc; path = SCMuDetailModel.m; sourceTree = "<group>"; };
		0337606C1CDBC90C003F860A /* SCMusicCollectionCell.h */ = {isa = PBXFileReference; fileEncoding = 4; lastKnownFileType = sourcecode.c.h; path = SCMusicCollectionCell.h; sourceTree = "<group>"; };
		0337606D1CDBC90C003F860A /* SCMusicCollectionCell.m */ = {isa = PBXFileReference; fileEncoding = 4; lastKnownFileType = sourcecode.c.objc; path = SCMusicCollectionCell.m; sourceTree = "<group>"; };
		03439E751CDFFD1C008756F6 /* SCReFactoryModel.h */ = {isa = PBXFileReference; fileEncoding = 4; lastKnownFileType = sourcecode.c.h; path = SCReFactoryModel.h; sourceTree = "<group>"; };
		03439E761CDFFD1C008756F6 /* SCReFactoryModel.m */ = {isa = PBXFileReference; fileEncoding = 4; lastKnownFileType = sourcecode.c.objc; path = SCReFactoryModel.m; sourceTree = "<group>"; };
		03439E781CDFFF09008756F6 /* SCReadingDetailModel.h */ = {isa = PBXFileReference; fileEncoding = 4; lastKnownFileType = sourcecode.c.h; path = SCReadingDetailModel.h; sourceTree = "<group>"; };
		03439E791CDFFF09008756F6 /* SCReadingDetailModel.m */ = {isa = PBXFileReference; fileEncoding = 4; lastKnownFileType = sourcecode.c.objc; path = SCReadingDetailModel.m; sourceTree = "<group>"; };
		03439E7B1CE00894008756F6 /* SCReBaseHeader.h */ = {isa = PBXFileReference; fileEncoding = 4; lastKnownFileType = sourcecode.c.h; path = SCReBaseHeader.h; sourceTree = "<group>"; };
		03439E7C1CE00894008756F6 /* SCReBaseHeader.m */ = {isa = PBXFileReference; fileEncoding = 4; lastKnownFileType = sourcecode.c.objc; path = SCReBaseHeader.m; sourceTree = "<group>"; };
		0347E7901CD3F931008E4941 /* SCPersonalController.h */ = {isa = PBXFileReference; fileEncoding = 4; lastKnownFileType = sourcecode.c.h; path = SCPersonalController.h; sourceTree = "<group>"; };
		0347E7911CD3F931008E4941 /* SCPersonalController.m */ = {isa = PBXFileReference; fileEncoding = 4; lastKnownFileType = sourcecode.c.objc; path = SCPersonalController.m; sourceTree = "<group>"; };
		0347E7931CD3F977008E4941 /* SCSearchController.h */ = {isa = PBXFileReference; fileEncoding = 4; lastKnownFileType = sourcecode.c.h; path = SCSearchController.h; sourceTree = "<group>"; };
		0347E7941CD3F977008E4941 /* SCSearchController.m */ = {isa = PBXFileReference; fileEncoding = 4; lastKnownFileType = sourcecode.c.objc; path = SCSearchController.m; sourceTree = "<group>"; };
		03588DA31CD91E4800230401 /* SCMusicHeader.h */ = {isa = PBXFileReference; fileEncoding = 4; lastKnownFileType = sourcecode.c.h; path = SCMusicHeader.h; sourceTree = "<group>"; };
		03588DA41CD91E4800230401 /* SCMusicHeader.m */ = {isa = PBXFileReference; fileEncoding = 4; lastKnownFileType = sourcecode.c.objc; path = SCMusicHeader.m; sourceTree = "<group>"; };
		03588DA81CD9210B00230401 /* SCMusicHeader.xib */ = {isa = PBXFileReference; fileEncoding = 4; lastKnownFileType = file.xib; path = SCMusicHeader.xib; sourceTree = "<group>"; };
		03588DAA1CD95D2700230401 /* SCSectionHeader.h */ = {isa = PBXFileReference; fileEncoding = 4; lastKnownFileType = sourcecode.c.h; path = SCSectionHeader.h; sourceTree = "<group>"; };
		03588DAB1CD95D2700230401 /* SCSectionHeader.m */ = {isa = PBXFileReference; fileEncoding = 4; lastKnownFileType = sourcecode.c.objc; path = SCSectionHeader.m; sourceTree = "<group>"; };
		03588DAD1CD95D7100230401 /* SCSectionHeader.xib */ = {isa = PBXFileReference; fileEncoding = 4; lastKnownFileType = file.xib; path = SCSectionHeader.xib; sourceTree = "<group>"; };
		03588DAF1CD9623800230401 /* UIButton+SCExtension.h */ = {isa = PBXFileReference; fileEncoding = 4; lastKnownFileType = sourcecode.c.h; path = "UIButton+SCExtension.h"; sourceTree = "<group>"; };
		03588DB01CD9623800230401 /* UIButton+SCExtension.m */ = {isa = PBXFileReference; fileEncoding = 4; lastKnownFileType = sourcecode.c.objc; path = "UIButton+SCExtension.m"; sourceTree = "<group>"; };
		035D8CFD1CD5E604003574DC /* SCBannerModel.h */ = {isa = PBXFileReference; fileEncoding = 4; lastKnownFileType = sourcecode.c.h; path = SCBannerModel.h; sourceTree = "<group>"; };
		035D8CFE1CD5E604003574DC /* SCBannerModel.m */ = {isa = PBXFileReference; fileEncoding = 4; lastKnownFileType = sourcecode.c.objc; path = SCBannerModel.m; sourceTree = "<group>"; };
		0362B32B1CCE92BA00B6E8FF /* SCMovieController.h */ = {isa = PBXFileReference; fileEncoding = 4; lastKnownFileType = sourcecode.c.h; path = SCMovieController.h; sourceTree = "<group>"; };
		0362B32C1CCE92BA00B6E8FF /* SCMovieController.m */ = {isa = PBXFileReference; fileEncoding = 4; lastKnownFileType = sourcecode.c.objc; path = SCMovieController.m; sourceTree = "<group>"; };
		0362B32E1CCE92D200B6E8FF /* SCMusicController.h */ = {isa = PBXFileReference; fileEncoding = 4; lastKnownFileType = sourcecode.c.h; path = SCMusicController.h; sourceTree = "<group>"; };
		0362B32F1CCE92D200B6E8FF /* SCMusicController.m */ = {isa = PBXFileReference; fileEncoding = 4; lastKnownFileType = sourcecode.c.objc; path = SCMusicController.m; sourceTree = "<group>"; };
		0362B3311CCE92E900B6E8FF /* SCReadingController.h */ = {isa = PBXFileReference; fileEncoding = 4; lastKnownFileType = sourcecode.c.h; path = SCReadingController.h; sourceTree = "<group>"; };
		0362B3321CCE92E900B6E8FF /* SCReadingController.m */ = {isa = PBXFileReference; fileEncoding = 4; lastKnownFileType = sourcecode.c.objc; path = SCReadingController.m; sourceTree = "<group>"; };
		0362B3341CCEDB4700B6E8FF /* UIBarButtonItem+SCExtension.h */ = {isa = PBXFileReference; fileEncoding = 4; lastKnownFileType = sourcecode.c.h; path = "UIBarButtonItem+SCExtension.h"; sourceTree = "<group>"; };
		0362B3351CCEDB4700B6E8FF /* UIBarButtonItem+SCExtension.m */ = {isa = PBXFileReference; fileEncoding = 4; lastKnownFileType = sourcecode.c.objc; path = "UIBarButtonItem+SCExtension.m"; sourceTree = "<group>"; };
		0362B3381CCEE26300B6E8FF /* SCNetWorkImage.h */ = {isa = PBXFileReference; fileEncoding = 4; lastKnownFileType = sourcecode.c.h; path = SCNetWorkImage.h; sourceTree = "<group>"; };
		0362B3391CCEE26300B6E8FF /* SCNetWorkImage.m */ = {isa = PBXFileReference; fileEncoding = 4; lastKnownFileType = sourcecode.c.objc; path = SCNetWorkImage.m; sourceTree = "<group>"; };
		0362B33B1CCEEAD600B6E8FF /* SCNetWorkAFRequest.h */ = {isa = PBXFileReference; fileEncoding = 4; lastKnownFileType = sourcecode.c.h; path = SCNetWorkAFRequest.h; sourceTree = "<group>"; };
		0362B33C1CCEEAD600B6E8FF /* SCNetWorkAFRequest.m */ = {isa = PBXFileReference; fileEncoding = 4; lastKnownFileType = sourcecode.c.objc; path = SCNetWorkAFRequest.m; sourceTree = "<group>"; };
		036ADFEC1CD2782900F9FE54 /* SCReadTabCell.h */ = {isa = PBXFileReference; fileEncoding = 4; lastKnownFileType = sourcecode.c.h; path = SCReadTabCell.h; sourceTree = "<group>"; };
		036ADFED1CD2782900F9FE54 /* SCReadTabCell.m */ = {isa = PBXFileReference; fileEncoding = 4; lastKnownFileType = sourcecode.c.objc; path = SCReadTabCell.m; sourceTree = "<group>"; };
		036ADFEF1CD2784000F9FE54 /* SCReadTabCell.xib */ = {isa = PBXFileReference; fileEncoding = 4; lastKnownFileType = file.xib; path = SCReadTabCell.xib; sourceTree = "<group>"; };
		036ADFF11CD27AC600F9FE54 /* SCMovieTabCell.h */ = {isa = PBXFileReference; fileEncoding = 4; lastKnownFileType = sourcecode.c.h; path = SCMovieTabCell.h; sourceTree = "<group>"; };
		036ADFF21CD27AC600F9FE54 /* SCMovieTabCell.m */ = {isa = PBXFileReference; fileEncoding = 4; lastKnownFileType = sourcecode.c.objc; path = SCMovieTabCell.m; sourceTree = "<group>"; };
		036ADFF41CD27B2E00F9FE54 /* SCMovieTabCell.xib */ = {isa = PBXFileReference; fileEncoding = 4; lastKnownFileType = file.xib; path = SCMovieTabCell.xib; sourceTree = "<group>"; };
		036AE0001CD2BF0D00F9FE54 /* SCMuListColCell.h */ = {isa = PBXFileReference; fileEncoding = 4; lastKnownFileType = sourcecode.c.h; path = SCMuListColCell.h; sourceTree = "<group>"; };
		036AE0011CD2BF0D00F9FE54 /* SCMuListColCell.m */ = {isa = PBXFileReference; fileEncoding = 4; lastKnownFileType = sourcecode.c.objc; path = SCMuListColCell.m; sourceTree = "<group>"; };
		036AE0031CD2C14B00F9FE54 /* SCMuListColCell.xib */ = {isa = PBXFileReference; fileEncoding = 4; lastKnownFileType = file.xib; path = SCMuListColCell.xib; sourceTree = "<group>"; };
		036B0D3F1CD182AA00D8205F /* UIImage+SCOrgImg.h */ = {isa = PBXFileReference; fileEncoding = 4; lastKnownFileType = sourcecode.c.h; path = "UIImage+SCOrgImg.h"; sourceTree = "<group>"; };
		036B0D401CD182AA00D8205F /* UIImage+SCOrgImg.m */ = {isa = PBXFileReference; fileEncoding = 4; lastKnownFileType = sourcecode.c.objc; path = "UIImage+SCOrgImg.m"; sourceTree = "<group>"; };
		036B0D871CD1A06B00D8205F /* URLStr.h */ = {isa = PBXFileReference; fileEncoding = 4; lastKnownFileType = sourcecode.c.h; path = URLStr.h; sourceTree = "<group>"; };
		036B47B31CDDCDA8005CD18F /* SCMuStoryTabCell.h */ = {isa = PBXFileReference; fileEncoding = 4; lastKnownFileType = sourcecode.c.h; path = SCMuStoryTabCell.h; sourceTree = "<group>"; };
		036B47B41CDDCDA8005CD18F /* SCMuStoryTabCell.m */ = {isa = PBXFileReference; fileEncoding = 4; lastKnownFileType = sourcecode.c.objc; path = SCMuStoryTabCell.m; sourceTree = "<group>"; };
		036B47B81CDDCE6C005CD18F /* SCMuStoryTabCell.xib */ = {isa = PBXFileReference; fileEncoding = 4; lastKnownFileType = file.xib; path = SCMuStoryTabCell.xib; sourceTree = "<group>"; };
		036B47BB1CDDDC02005CD18F /* SCMuRelatedTabCell.h */ = {isa = PBXFileReference; fileEncoding = 4; lastKnownFileType = sourcecode.c.h; path = SCMuRelatedTabCell.h; sourceTree = "<group>"; };
		036B47BC1CDDDC02005CD18F /* SCMuRelatedTabCell.m */ = {isa = PBXFileReference; fileEncoding = 4; lastKnownFileType = sourcecode.c.objc; path = SCMuRelatedTabCell.m; sourceTree = "<group>"; };
		036B47BE1CDDE1BA005CD18F /* SCFactoryCell.h */ = {isa = PBXFileReference; fileEncoding = 4; lastKnownFileType = sourcecode.c.h; path = SCFactoryCell.h; sourceTree = "<group>"; };
		036B47BF1CDDE1BA005CD18F /* SCFactoryCell.m */ = {isa = PBXFileReference; fileEncoding = 4; lastKnownFileType = sourcecode.c.objc; path = SCFactoryCell.m; sourceTree = "<group>"; };
		036B47C31CDE0268005CD18F /* SCRelatedDetailController.h */ = {isa = PBXFileReference; fileEncoding = 4; lastKnownFileType = sourcecode.c.h; path = SCRelatedDetailController.h; sourceTree = "<group>"; };
		036B47C41CDE0268005CD18F /* SCRelatedDetailController.m */ = {isa = PBXFileReference; fileEncoding = 4; lastKnownFileType = sourcecode.c.objc; path = SCRelatedDetailController.m; sourceTree = "<group>"; };
		036B47C61CDE05CF005CD18F /* UIView+SCExtent.h */ = {isa = PBXFileReference; fileEncoding = 4; lastKnownFileType = sourcecode.c.h; path = "UIView+SCExtent.h"; sourceTree = "<group>"; };
		036B47C71CDE05CF005CD18F /* UIView+SCExtent.m */ = {isa = PBXFileReference; fileEncoding = 4; lastKnownFileType = sourcecode.c.objc; path = "UIView+SCExtent.m"; sourceTree = "<group>"; };
		03709D0A1CD8171800608917 /* SCQuDetailModel.h */ = {isa = PBXFileReference; fileEncoding = 4; lastKnownFileType = sourcecode.c.h; path = SCQuDetailModel.h; sourceTree = "<group>"; };
		03709D0B1CD8171800608917 /* SCQuDetailModel.m */ = {isa = PBXFileReference; fileEncoding = 4; lastKnownFileType = sourcecode.c.objc; path = SCQuDetailModel.m; sourceTree = "<group>"; };
		03709D0D1CD817B100608917 /* SCEsDetailModel.h */ = {isa = PBXFileReference; fileEncoding = 4; lastKnownFileType = sourcecode.c.h; path = SCEsDetailModel.h; sourceTree = "<group>"; };
		03709D0E1CD817B100608917 /* SCEsDetailModel.m */ = {isa = PBXFileReference; fileEncoding = 4; lastKnownFileType = sourcecode.c.objc; path = SCEsDetailModel.m; sourceTree = "<group>"; };
		03709D101CD817DF00608917 /* SCSeDetailModel.h */ = {isa = PBXFileReference; fileEncoding = 4; lastKnownFileType = sourcecode.c.h; path = SCSeDetailModel.h; sourceTree = "<group>"; };
		03709D111CD817DF00608917 /* SCSeDetailModel.m */ = {isa = PBXFileReference; fileEncoding = 4; lastKnownFileType = sourcecode.c.objc; path = SCSeDetailModel.m; sourceTree = "<group>"; };
		03709D131CD877B100608917 /* SCCommentTabCell.h */ = {isa = PBXFileReference; fileEncoding = 4; lastKnownFileType = sourcecode.c.h; path = SCCommentTabCell.h; sourceTree = "<group>"; };
		03709D141CD877B100608917 /* SCCommentTabCell.m */ = {isa = PBXFileReference; fileEncoding = 4; lastKnownFileType = sourcecode.c.objc; path = SCCommentTabCell.m; sourceTree = "<group>"; };
		03709D161CD877DE00608917 /* SCCommentTabCell.xib */ = {isa = PBXFileReference; fileEncoding = 4; lastKnownFileType = file.xib; path = SCCommentTabCell.xib; sourceTree = "<group>"; };
		03709D181CD87CFA00608917 /* SCQuDetailHeader.h */ = {isa = PBXFileReference; fileEncoding = 4; lastKnownFileType = sourcecode.c.h; path = SCQuDetailHeader.h; sourceTree = "<group>"; };
		03709D191CD87CFA00608917 /* SCQuDetailHeader.m */ = {isa = PBXFileReference; fileEncoding = 4; lastKnownFileType = sourcecode.c.objc; path = SCQuDetailHeader.m; sourceTree = "<group>"; };
		03709D1B1CD87D1A00608917 /* SCOtherHeader.h */ = {isa = PBXFileReference; fileEncoding = 4; lastKnownFileType = sourcecode.c.h; path = SCOtherHeader.h; sourceTree = "<group>"; };
		03709D1C1CD87D1A00608917 /* SCOtherHeader.m */ = {isa = PBXFileReference; fileEncoding = 4; lastKnownFileType = sourcecode.c.objc; path = SCOtherHeader.m; sourceTree = "<group>"; };
		03709D1E1CD87D3600608917 /* SCQuDetailHeader.xib */ = {isa = PBXFileReference; fileEncoding = 4; lastKnownFileType = file.xib; path = SCQuDetailHeader.xib; sourceTree = "<group>"; };
		03709D201CD8832800608917 /* SCOtherHeader.xib */ = {isa = PBXFileReference; fileEncoding = 4; lastKnownFileType = file.xib; path = SCOtherHeader.xib; sourceTree = "<group>"; };
		03709D221CD88B0700608917 /* SCUserModel.h */ = {isa = PBXFileReference; fileEncoding = 4; lastKnownFileType = sourcecode.c.h; path = SCUserModel.h; sourceTree = "<group>"; };
		03709D231CD88B0700608917 /* SCUserModel.m */ = {isa = PBXFileReference; fileEncoding = 4; lastKnownFileType = sourcecode.c.objc; path = SCUserModel.m; sourceTree = "<group>"; };
		03709D251CD88B8E00608917 /* SCCommentModel.h */ = {isa = PBXFileReference; fileEncoding = 4; lastKnownFileType = sourcecode.c.h; path = SCCommentModel.h; sourceTree = "<group>"; };
		03709D261CD88B8E00608917 /* SCCommentModel.m */ = {isa = PBXFileReference; fileEncoding = 4; lastKnownFileType = sourcecode.c.objc; path = SCCommentModel.m; sourceTree = "<group>"; };
		03709D2B1CD89C8D00608917 /* SCMoDetailHeader.xib */ = {isa = PBXFileReference; fileEncoding = 4; lastKnownFileType = file.xib; path = SCMoDetailHeader.xib; sourceTree = "<group>"; };
		03709D2D1CD89EAC00608917 /* SCMoDetailHeader.h */ = {isa = PBXFileReference; fileEncoding = 4; lastKnownFileType = sourcecode.c.h; path = SCMoDetailHeader.h; sourceTree = "<group>"; };
		03709D2E1CD89EAC00608917 /* SCMoDetailHeader.m */ = {isa = PBXFileReference; fileEncoding = 4; lastKnownFileType = sourcecode.c.objc; path = SCMoDetailHeader.m; sourceTree = "<group>"; };
		03709D301CD8A01A00608917 /* SCModetailCell.h */ = {isa = PBXFileReference; fileEncoding = 4; lastKnownFileType = sourcecode.c.h; path = SCModetailCell.h; sourceTree = "<group>"; };
		03709D311CD8A01A00608917 /* SCModetailCell.m */ = {isa = PBXFileReference; fileEncoding = 4; lastKnownFileType = sourcecode.c.objc; path = SCModetailCell.m; sourceTree = "<group>"; };
		03709D331CD8A02F00608917 /* SCModetailCell.xib */ = {isa = PBXFileReference; fileEncoding = 4; lastKnownFileType = file.xib; path = SCModetailCell.xib; sourceTree = "<group>"; };
		03709D351CD8A16B00608917 /* SCMoStoryModel.h */ = {isa = PBXFileReference; fileEncoding = 4; lastKnownFileType = sourcecode.c.h; path = SCMoStoryModel.h; sourceTree = "<group>"; };
		03709D361CD8A16B00608917 /* SCMoStoryModel.m */ = {isa = PBXFileReference; fileEncoding = 4; lastKnownFileType = sourcecode.c.objc; path = SCMoStoryModel.m; sourceTree = "<group>"; };
		0377C06D1CDABE380002B953 /* SCBannerController.h */ = {isa = PBXFileReference; fileEncoding = 4; lastKnownFileType = sourcecode.c.h; path = SCBannerController.h; sourceTree = "<group>"; };
		0377C06E1CDABE380002B953 /* SCBannerController.m */ = {isa = PBXFileReference; fileEncoding = 4; lastKnownFileType = sourcecode.c.objc; path = SCBannerController.m; sourceTree = "<group>"; };
		0377C0701CDAC1C80002B953 /* SCBannerDetailModel.h */ = {isa = PBXFileReference; fileEncoding = 4; lastKnownFileType = sourcecode.c.h; path = SCBannerDetailModel.h; sourceTree = "<group>"; };
		0377C0711CDAC1C80002B953 /* SCBannerDetailModel.m */ = {isa = PBXFileReference; fileEncoding = 4; lastKnownFileType = sourcecode.c.objc; path = SCBannerDetailModel.m; sourceTree = "<group>"; };
		0377C07A1CDAC7490002B953 /* SCBaDetailTabCell.h */ = {isa = PBXFileReference; fileEncoding = 4; lastKnownFileType = sourcecode.c.h; path = SCBaDetailTabCell.h; sourceTree = "<group>"; };
		0377C07B1CDAC7490002B953 /* SCBaDetailTabCell.m */ = {isa = PBXFileReference; fileEncoding = 4; lastKnownFileType = sourcecode.c.objc; path = SCBaDetailTabCell.m; sourceTree = "<group>"; };
		0377C07D1CDAC76F0002B953 /* SCBaDetailTabCell.xib */ = {isa = PBXFileReference; fileEncoding = 4; lastKnownFileType = file.xib; path = SCBaDetailTabCell.xib; sourceTree = "<group>"; };
		03A783B41CCDC4D9005D51FC /* AppDelegate.h */ = {isa = PBXFileReference; fileEncoding = 4; lastKnownFileType = sourcecode.c.h; path = AppDelegate.h; sourceTree = "<group>"; };
		03A783B51CCDC4D9005D51FC /* AppDelegate.m */ = {isa = PBXFileReference; fileEncoding = 4; lastKnownFileType = sourcecode.c.objc; path = AppDelegate.m; sourceTree = "<group>"; };
		03A783B61CCDC4D9005D51FC /* main.m */ = {isa = PBXFileReference; fileEncoding = 4; lastKnownFileType = sourcecode.c.objc; path = main.m; sourceTree = "<group>"; };
		03A783C91CCDD029005D51FC /* PCHFile.pch */ = {isa = PBXFileReference; fileEncoding = 4; lastKnownFileType = sourcecode.c.h; path = PCHFile.pch; sourceTree = "<group>"; };
		03A783CA1CCDD716005D51FC /* SCBaseController.h */ = {isa = PBXFileReference; fileEncoding = 4; lastKnownFileType = sourcecode.c.h; path = SCBaseController.h; sourceTree = "<group>"; };
		03A783CB1CCDD716005D51FC /* SCBaseController.m */ = {isa = PBXFileReference; fileEncoding = 4; lastKnownFileType = sourcecode.c.objc; path = SCBaseController.m; sourceTree = "<group>"; };
		03A783CF1CCDDA69005D51FC /* SCNetAPI.h */ = {isa = PBXFileReference; fileEncoding = 4; lastKnownFileType = sourcecode.c.h; path = SCNetAPI.h; sourceTree = "<group>"; };
		03A783D01CCDDA69005D51FC /* SCNetAPI.m */ = {isa = PBXFileReference; fileEncoding = 4; lastKnownFileType = sourcecode.c.objc; path = SCNetAPI.m; sourceTree = "<group>"; };
		03A783D21CCDE758005D51FC /* SCBaseModel.h */ = {isa = PBXFileReference; fileEncoding = 4; lastKnownFileType = sourcecode.c.h; path = SCBaseModel.h; sourceTree = "<group>"; };
		03A783D31CCDE758005D51FC /* SCBaseModel.m */ = {isa = PBXFileReference; fileEncoding = 4; lastKnownFileType = sourcecode.c.objc; path = SCBaseModel.m; sourceTree = "<group>"; };
		03A783D51CCDE7E8005D51FC /* SCHomeController.h */ = {isa = PBXFileReference; fileEncoding = 4; lastKnownFileType = sourcecode.c.h; path = SCHomeController.h; sourceTree = "<group>"; };
		03A783D61CCDE7E8005D51FC /* SCHomeController.m */ = {isa = PBXFileReference; fileEncoding = 4; lastKnownFileType = sourcecode.c.objc; path = SCHomeController.m; sourceTree = "<group>"; };
		03A783D81CCDE9AA005D51FC /* SCCusNaviController.h */ = {isa = PBXFileReference; fileEncoding = 4; lastKnownFileType = sourcecode.c.h; path = SCCusNaviController.h; sourceTree = "<group>"; };
		03A783D91CCDE9AA005D51FC /* SCCusNaviController.m */ = {isa = PBXFileReference; fileEncoding = 4; lastKnownFileType = sourcecode.c.objc; path = SCCusNaviController.m; sourceTree = "<group>"; };
		03A783DB1CCDEA08005D51FC /* SCCusTabBarController.h */ = {isa = PBXFileReference; fileEncoding = 4; lastKnownFileType = sourcecode.c.h; path = SCCusTabBarController.h; sourceTree = "<group>"; };
		03A783DC1CCDEA08005D51FC /* SCCusTabBarController.m */ = {isa = PBXFileReference; fileEncoding = 4; lastKnownFileType = sourcecode.c.objc; path = SCCusTabBarController.m; sourceTree = "<group>"; };
		03A783DE1CCDEA4C005D51FC /* SCBaseCollectionCell.h */ = {isa = PBXFileReference; fileEncoding = 4; lastKnownFileType = sourcecode.c.h; path = SCBaseCollectionCell.h; sourceTree = "<group>"; };
		03A783DF1CCDEA4C005D51FC /* SCBaseCollectionCell.m */ = {isa = PBXFileReference; fileEncoding = 4; lastKnownFileType = sourcecode.c.objc; path = SCBaseCollectionCell.m; sourceTree = "<group>"; };
		03A783E11CCDEA66005D51FC /* SCBaseTableViewCell.h */ = {isa = PBXFileReference; fileEncoding = 4; lastKnownFileType = sourcecode.c.h; path = SCBaseTableViewCell.h; sourceTree = "<group>"; };
		03A783E21CCDEA66005D51FC /* SCBaseTableViewCell.m */ = {isa = PBXFileReference; fileEncoding = 4; lastKnownFileType = sourcecode.c.objc; path = SCBaseTableViewCell.m; sourceTree = "<group>"; };
		03D7D90E1CCD3B03003112C8 /* iReader.app */ = {isa = PBXFileReference; explicitFileType = wrapper.application; includeInIndex = 0; path = iReader.app; sourceTree = BUILT_PRODUCTS_DIR; };
		03D7D91B1CCD3B03003112C8 /* Base */ = {isa = PBXFileReference; lastKnownFileType = file.storyboard; name = Base; path = Base.lproj/Main.storyboard; sourceTree = "<group>"; };
		03D7D91D1CCD3B03003112C8 /* Assets.xcassets */ = {isa = PBXFileReference; lastKnownFileType = folder.assetcatalog; path = Assets.xcassets; sourceTree = "<group>"; };
		03D7D9201CCD3B03003112C8 /* Base */ = {isa = PBXFileReference; lastKnownFileType = file.storyboard; name = Base; path = Base.lproj/LaunchScreen.storyboard; sourceTree = "<group>"; };
		03D7D9221CCD3B03003112C8 /* Info.plist */ = {isa = PBXFileReference; lastKnownFileType = text.plist.xml; path = Info.plist; sourceTree = "<group>"; };
		03D7D9271CCD3B03003112C8 /* iReaderTests.xctest */ = {isa = PBXFileReference; explicitFileType = wrapper.cfbundle; includeInIndex = 0; path = iReaderTests.xctest; sourceTree = BUILT_PRODUCTS_DIR; };
		03D7D92B1CCD3B03003112C8 /* iReaderTests.m */ = {isa = PBXFileReference; lastKnownFileType = sourcecode.c.objc; path = iReaderTests.m; sourceTree = "<group>"; };
		03D7D92D1CCD3B03003112C8 /* Info.plist */ = {isa = PBXFileReference; lastKnownFileType = text.plist.xml; path = Info.plist; sourceTree = "<group>"; };
		03D7D9321CCD3B03003112C8 /* iReaderUITests.xctest */ = {isa = PBXFileReference; explicitFileType = wrapper.cfbundle; includeInIndex = 0; path = iReaderUITests.xctest; sourceTree = BUILT_PRODUCTS_DIR; };
		03D7D9361CCD3B03003112C8 /* iReaderUITests.m */ = {isa = PBXFileReference; lastKnownFileType = sourcecode.c.objc; path = iReaderUITests.m; sourceTree = "<group>"; };
		03D7D9381CCD3B03003112C8 /* Info.plist */ = {isa = PBXFileReference; lastKnownFileType = text.plist.xml; path = Info.plist; sourceTree = "<group>"; };
		12B4A352C8FE36A641221EAF /* libPods.a */ = {isa = PBXFileReference; explicitFileType = archive.ar; includeInIndex = 0; path = libPods.a; sourceTree = BUILT_PRODUCTS_DIR; };
		7F5C6390661CD83671B03C5C /* Pods.debug.xcconfig */ = {isa = PBXFileReference; includeInIndex = 1; lastKnownFileType = text.xcconfig; name = Pods.debug.xcconfig; path = "Pods/Target Support Files/Pods/Pods.debug.xcconfig"; sourceTree = "<group>"; };
		A30F168B923A77B20AC8EB72 /* Pods.release.xcconfig */ = {isa = PBXFileReference; includeInIndex = 1; lastKnownFileType = text.xcconfig; name = Pods.release.xcconfig; path = "Pods/Target Support Files/Pods/Pods.release.xcconfig"; sourceTree = "<group>"; };
/* End PBXFileReference section */

/* Begin PBXFrameworksBuildPhase section */
		03D7D90B1CCD3B03003112C8 /* Frameworks */ = {
			isa = PBXFrameworksBuildPhase;
			buildActionMask = 2147483647;
			files = (
				031DB0F01CCFEFB30084EB1D /* SystemConfiguration.framework in Frameworks */,
				30F1E23E60C4736C8AFF7EDD /* libPods.a in Frameworks */,
			);
			runOnlyForDeploymentPostprocessing = 0;
		};
		03D7D9241CCD3B03003112C8 /* Frameworks */ = {
			isa = PBXFrameworksBuildPhase;
			buildActionMask = 2147483647;
			files = (
			);
			runOnlyForDeploymentPostprocessing = 0;
		};
		03D7D92F1CCD3B03003112C8 /* Frameworks */ = {
			isa = PBXFrameworksBuildPhase;
			buildActionMask = 2147483647;
			files = (
			);
			runOnlyForDeploymentPostprocessing = 0;
		};
/* End PBXFrameworksBuildPhase section */

/* Begin PBXGroup section */
		031DB0EA1CCFEEEB0084EB1D /* Lib */ = {
			isa = PBXGroup;
			children = (
				031DB0EB1CCFEF250084EB1D /* Reachability.h */,
				031DB0EC1CCFEF2A0084EB1D /* Reachability.m */,
			);
			path = Lib;
			sourceTree = "<group>";
		};
		031DB0EE1CCFEF380084EB1D /* Framework */ = {
			isa = PBXGroup;
			children = (
			);
			name = Framework;
			sourceTree = "<group>";
		};
		032724FE1CD444D7007A094A /* MovieDetail */ = {
			isa = PBXGroup;
			children = (
				032724FF1CD444D7007A094A /* Controller */,
				032725001CD444D7007A094A /* Model */,
				032725011CD444D7007A094A /* View */,
			);
			path = MovieDetail;
			sourceTree = "<group>";
		};
		032724FF1CD444D7007A094A /* Controller */ = {
			isa = PBXGroup;
			children = (
				032725021CD4455E007A094A /* SCMovieDetailController.h */,
				032725031CD4455E007A094A /* SCMovieDetailController.m */,
			);
			path = Controller;
			sourceTree = "<group>";
		};
		032725001CD444D7007A094A /* Model */ = {
			isa = PBXGroup;
			children = (
				032725051CD481CD007A094A /* SCMoDetailModel.h */,
				032725061CD481CD007A094A /* SCMoDetailModel.m */,
				03709D351CD8A16B00608917 /* SCMoStoryModel.h */,
				03709D361CD8A16B00608917 /* SCMoStoryModel.m */,
			);
			path = Model;
			sourceTree = "<group>";
		};
		032725011CD444D7007A094A /* View */ = {
			isa = PBXGroup;
			children = (
				03709D2D1CD89EAC00608917 /* SCMoDetailHeader.h */,
				03709D2E1CD89EAC00608917 /* SCMoDetailHeader.m */,
				03709D2B1CD89C8D00608917 /* SCMoDetailHeader.xib */,
				03709D301CD8A01A00608917 /* SCModetailCell.h */,
				03709D311CD8A01A00608917 /* SCModetailCell.m */,
				03709D331CD8A02F00608917 /* SCModetailCell.xib */,
			);
			path = View;
			sourceTree = "<group>";
		};
		032725081CD489D7007A094A /* ReadDetail */ = {
			isa = PBXGroup;
			children = (
				032725091CD489D7007A094A /* Controller */,
				0327250A1CD489D7007A094A /* Model */,
				0327250B1CD489D7007A094A /* View */,
			);
			path = ReadDetail;
			sourceTree = "<group>";
		};
		032725091CD489D7007A094A /* Controller */ = {
			isa = PBXGroup;
			children = (
				0327250C1CD49043007A094A /* SCReDetailController.h */,
				0327250D1CD49043007A094A /* SCReDetailController.m */,
			);
			path = Controller;
			sourceTree = "<group>";
		};
		0327250A1CD489D7007A094A /* Model */ = {
			isa = PBXGroup;
			children = (
				03439E781CDFFF09008756F6 /* SCReadingDetailModel.h */,
				03439E791CDFFF09008756F6 /* SCReadingDetailModel.m */,
				03709D0D1CD817B100608917 /* SCEsDetailModel.h */,
				03709D0E1CD817B100608917 /* SCEsDetailModel.m */,
				03709D101CD817DF00608917 /* SCSeDetailModel.h */,
				03709D111CD817DF00608917 /* SCSeDetailModel.m */,
				03709D0A1CD8171800608917 /* SCQuDetailModel.h */,
				03709D0B1CD8171800608917 /* SCQuDetailModel.m */,
				03439E751CDFFD1C008756F6 /* SCReFactoryModel.h */,
				03439E761CDFFD1C008756F6 /* SCReFactoryModel.m */,
			);
			path = Model;
			sourceTree = "<group>";
		};
		0327250B1CD489D7007A094A /* View */ = {
			isa = PBXGroup;
			children = (
				03709D181CD87CFA00608917 /* SCQuDetailHeader.h */,
				03709D191CD87CFA00608917 /* SCQuDetailHeader.m */,
				03709D1E1CD87D3600608917 /* SCQuDetailHeader.xib */,
				03709D1B1CD87D1A00608917 /* SCOtherHeader.h */,
				03709D1C1CD87D1A00608917 /* SCOtherHeader.m */,
				03709D201CD8832800608917 /* SCOtherHeader.xib */,
				03439E7B1CE00894008756F6 /* SCReBaseHeader.h */,
				03439E7C1CE00894008756F6 /* SCReBaseHeader.m */,
			);
			path = View;
			sourceTree = "<group>";
		};
		0347E7881CD3F8A2008E4941 /* Search */ = {
			isa = PBXGroup;
			children = (
				0347E78D1CD3F903008E4941 /* Controller */,
				0347E78E1CD3F903008E4941 /* Model */,
				0347E78F1CD3F903008E4941 /* View */,
			);
			path = Search;
			sourceTree = "<group>";
		};
		0347E7891CD3F8AA008E4941 /* Personal */ = {
			isa = PBXGroup;
			children = (
				0347E78A1CD3F8F2008E4941 /* Controller */,
				0347E78B1CD3F8F2008E4941 /* Model */,
				0347E78C1CD3F8F2008E4941 /* View */,
			);
			path = Personal;
			sourceTree = "<group>";
		};
		0347E78A1CD3F8F2008E4941 /* Controller */ = {
			isa = PBXGroup;
			children = (
				0347E7901CD3F931008E4941 /* SCPersonalController.h */,
				0347E7911CD3F931008E4941 /* SCPersonalController.m */,
			);
			path = Controller;
			sourceTree = "<group>";
		};
		0347E78B1CD3F8F2008E4941 /* Model */ = {
			isa = PBXGroup;
			children = (
			);
			path = Model;
			sourceTree = "<group>";
		};
		0347E78C1CD3F8F2008E4941 /* View */ = {
			isa = PBXGroup;
			children = (
			);
			path = View;
			sourceTree = "<group>";
		};
		0347E78D1CD3F903008E4941 /* Controller */ = {
			isa = PBXGroup;
			children = (
				0347E7931CD3F977008E4941 /* SCSearchController.h */,
				0347E7941CD3F977008E4941 /* SCSearchController.m */,
			);
			path = Controller;
			sourceTree = "<group>";
		};
		0347E78E1CD3F903008E4941 /* Model */ = {
			isa = PBXGroup;
			children = (
			);
			path = Model;
			sourceTree = "<group>";
		};
		0347E78F1CD3F903008E4941 /* View */ = {
			isa = PBXGroup;
			children = (
			);
			path = View;
			sourceTree = "<group>";
		};
		035D8CF91CD5E552003574DC /* ReadModel */ = {
			isa = PBXGroup;
			children = (
				031DB0F91CD0433C0084EB1D /* SCReadingModel.h */,
				031DB0FA1CD0433C0084EB1D /* SCReadingModel.m */,
			);
			name = ReadModel;
			sourceTree = "<group>";
		};
		035D8CFB1CD5E5AC003574DC /* CellModel */ = {
			isa = PBXGroup;
			children = (
				032725151CD4A947007A094A /* SCBaseContentModel.h */,
				032725161CD4A947007A094A /* SCBaseContentModel.m */,
				032725181CD4A968007A094A /* SCQuestionModel.h */,
				032725191CD4A968007A094A /* SCQuestionModel.m */,
				0327251B1CD4A995007A094A /* SCSerialModel.h */,
				0327251C1CD4A995007A094A /* SCSerialModel.m */,
				0327251E1CD4A9AD007A094A /* SCEssayModel.h */,
				0327251F1CD4A9AD007A094A /* SCEssayModel.m */,
				032725211CD4AC91007A094A /* SCFactoryModel.h */,
				032725221CD4AC91007A094A /* SCFactoryModel.m */,
			);
			name = CellModel;
			sourceTree = "<group>";
		};
		035D8CFC1CD5E5D2003574DC /* BannerModel */ = {
			isa = PBXGroup;
			children = (
				035D8CFD1CD5E604003574DC /* SCBannerModel.h */,
				035D8CFE1CD5E604003574DC /* SCBannerModel.m */,
				0377C0701CDAC1C80002B953 /* SCBannerDetailModel.h */,
				0377C0711CDAC1C80002B953 /* SCBannerDetailModel.m */,
			);
			name = BannerModel;
			sourceTree = "<group>";
		};
		0362B3371CCEDF5E00B6E8FF /* NetWork */ = {
			isa = PBXGroup;
			children = (
				0362B3381CCEE26300B6E8FF /* SCNetWorkImage.h */,
				0362B3391CCEE26300B6E8FF /* SCNetWorkImage.m */,
				0362B33B1CCEEAD600B6E8FF /* SCNetWorkAFRequest.h */,
				0362B33C1CCEEAD600B6E8FF /* SCNetWorkAFRequest.m */,
			);
			path = NetWork;
			sourceTree = "<group>";
		};
		036B47B61CDDCDD3005CD18F /* HeaderView */ = {
			isa = PBXGroup;
			children = (
				03588DA31CD91E4800230401 /* SCMusicHeader.h */,
				03588DA41CD91E4800230401 /* SCMusicHeader.m */,
				03588DA81CD9210B00230401 /* SCMusicHeader.xib */,
			);
			name = HeaderView;
			sourceTree = "<group>";
		};
		036B47B71CDDCE00005CD18F /* TableViewCell */ = {
			isa = PBXGroup;
			children = (
				036B47B31CDDCDA8005CD18F /* SCMuStoryTabCell.h */,
				036B47B41CDDCDA8005CD18F /* SCMuStoryTabCell.m */,
				036B47B81CDDCE6C005CD18F /* SCMuStoryTabCell.xib */,
				036B47BB1CDDDC02005CD18F /* SCMuRelatedTabCell.h */,
				036B47BC1CDDDC02005CD18F /* SCMuRelatedTabCell.m */,
				036B47BE1CDDE1BA005CD18F /* SCFactoryCell.h */,
				036B47BF1CDDE1BA005CD18F /* SCFactoryCell.m */,
				036B47BA1CDDDBAC005CD18F /* RelatedItem */,
			);
			name = TableViewCell;
			sourceTree = "<group>";
		};
		036B47BA1CDDDBAC005CD18F /* RelatedItem */ = {
			isa = PBXGroup;
			children = (
				036AE0001CD2BF0D00F9FE54 /* SCMuListColCell.h */,
				036AE0011CD2BF0D00F9FE54 /* SCMuListColCell.m */,
				036AE0031CD2C14B00F9FE54 /* SCMuListColCell.xib */,
			);
			name = RelatedItem;
			sourceTree = "<group>";
		};
		036B47C21CDE021C005CD18F /* RelatedDetailVC */ = {
			isa = PBXGroup;
			children = (
				036B47C31CDE0268005CD18F /* SCRelatedDetailController.h */,
				036B47C41CDE0268005CD18F /* SCRelatedDetailController.m */,
			);
			name = RelatedDetailVC;
			sourceTree = "<group>";
		};
		03A783A81CCDC4D9005D51FC /* Classes */ = {
			isa = PBXGroup;
			children = (
				03A783CE1CCDDA56005D51FC /* APIFile */,
				03A783AE1CCDC4D9005D51FC /* Macro */,
				03A783AF1CCDC4D9005D51FC /* Main */,
				0347E7881CD3F8A2008E4941 /* Search */,
				0347E7891CD3F8AA008E4941 /* Personal */,
				03A783A91CCDC4D9005D51FC /* Home */,
				03A783C01CCDC4D9005D51FC /* Reading */,
				03A783BC1CCDC4D9005D51FC /* Music */,
				03A783B81CCDC4D9005D51FC /* Movie */,
			);
			path = Classes;
			sourceTree = "<group>";
		};
		03A783A91CCDC4D9005D51FC /* Home */ = {
			isa = PBXGroup;
			children = (
				03A783AA1CCDC4D9005D51FC /* Controller */,
				03A783AC1CCDC4D9005D51FC /* Model */,
				03A783AD1CCDC4D9005D51FC /* View */,
			);
			path = Home;
			sourceTree = "<group>";
		};
		03A783AA1CCDC4D9005D51FC /* Controller */ = {
			isa = PBXGroup;
			children = (
				03A783D51CCDE7E8005D51FC /* SCHomeController.h */,
				03A783D61CCDE7E8005D51FC /* SCHomeController.m */,
			);
			path = Controller;
			sourceTree = "<group>";
		};
		03A783AC1CCDC4D9005D51FC /* Model */ = {
			isa = PBXGroup;
			children = (
				031DB0F11CD03D0A0084EB1D /* SCHomeModel.h */,
				031DB0F21CD03D0A0084EB1D /* SCHomeModel.m */,
			);
			path = Model;
			sourceTree = "<group>";
		};
		03A783AD1CCDC4D9005D51FC /* View */ = {
			isa = PBXGroup;
			children = (
				031DB0F41CD0402A0084EB1D /* SCHomeCollectionCell.h */,
				031DB0F51CD0402A0084EB1D /* SCHomeCollectionCell.m */,
				031DB0F71CD0406D0084EB1D /* SCHomeCollectionCell.xib */,
			);
			path = View;
			sourceTree = "<group>";
		};
		03A783AE1CCDC4D9005D51FC /* Macro */ = {
			isa = PBXGroup;
			children = (
				036B0D871CD1A06B00D8205F /* URLStr.h */,
			);
			path = Macro;
			sourceTree = "<group>";
		};
		03A783AF1CCDC4D9005D51FC /* Main */ = {
			isa = PBXGroup;
			children = (
				031DB0EA1CCFEEEB0084EB1D /* Lib */,
				0362B3371CCEDF5E00B6E8FF /* NetWork */,
				03A783B01CCDC4D9005D51FC /* Category */,
				03A783B11CCDC4D9005D51FC /* Controller */,
				03A783B21CCDC4D9005D51FC /* Model */,
				03A783B31CCDC4D9005D51FC /* Others */,
				03A783B71CCDC4D9005D51FC /* View */,
			);
			path = Main;
			sourceTree = "<group>";
		};
		03A783B01CCDC4D9005D51FC /* Category */ = {
			isa = PBXGroup;
			children = (
				0362B3341CCEDB4700B6E8FF /* UIBarButtonItem+SCExtension.h */,
				0362B3351CCEDB4700B6E8FF /* UIBarButtonItem+SCExtension.m */,
				036B0D3F1CD182AA00D8205F /* UIImage+SCOrgImg.h */,
				036B0D401CD182AA00D8205F /* UIImage+SCOrgImg.m */,
				03588DAF1CD9623800230401 /* UIButton+SCExtension.h */,
				03588DB01CD9623800230401 /* UIButton+SCExtension.m */,
				032185871CDB289F00DBBA74 /* UIColor+SCColorExtension.h */,
				032185881CDB289F00DBBA74 /* UIColor+SCColorExtension.m */,
				036B47C61CDE05CF005CD18F /* UIView+SCExtent.h */,
				036B47C71CDE05CF005CD18F /* UIView+SCExtent.m */,
			);
			path = Category;
			sourceTree = "<group>";
		};
		03A783B11CCDC4D9005D51FC /* Controller */ = {
			isa = PBXGroup;
			children = (
				03A783CA1CCDD716005D51FC /* SCBaseController.h */,
				03A783CB1CCDD716005D51FC /* SCBaseController.m */,
				03A783D81CCDE9AA005D51FC /* SCCusNaviController.h */,
				03A783D91CCDE9AA005D51FC /* SCCusNaviController.m */,
				03A783DB1CCDEA08005D51FC /* SCCusTabBarController.h */,
				03A783DC1CCDEA08005D51FC /* SCCusTabBarController.m */,
			);
			path = Controller;
			sourceTree = "<group>";
		};
		03A783B21CCDC4D9005D51FC /* Model */ = {
			isa = PBXGroup;
			children = (
				03A783D21CCDE758005D51FC /* SCBaseModel.h */,
				03A783D31CCDE758005D51FC /* SCBaseModel.m */,
				0327250F1CD4A78A007A094A /* SCAuthorModel.h */,
				032725101CD4A78A007A094A /* SCAuthorModel.m */,
				03709D221CD88B0700608917 /* SCUserModel.h */,
				03709D231CD88B0700608917 /* SCUserModel.m */,
				03709D251CD88B8E00608917 /* SCCommentModel.h */,
				03709D261CD88B8E00608917 /* SCCommentModel.m */,
			);
			path = Model;
			sourceTree = "<group>";
		};
		03A783B31CCDC4D9005D51FC /* Others */ = {
			isa = PBXGroup;
			children = (
				03A783B41CCDC4D9005D51FC /* AppDelegate.h */,
				03A783B51CCDC4D9005D51FC /* AppDelegate.m */,
				03A783B61CCDC4D9005D51FC /* main.m */,
			);
			path = Others;
			sourceTree = "<group>";
		};
		03A783B71CCDC4D9005D51FC /* View */ = {
			isa = PBXGroup;
			children = (
				03A783DE1CCDEA4C005D51FC /* SCBaseCollectionCell.h */,
				03A783DF1CCDEA4C005D51FC /* SCBaseCollectionCell.m */,
				03A783E11CCDEA66005D51FC /* SCBaseTableViewCell.h */,
				03A783E21CCDEA66005D51FC /* SCBaseTableViewCell.m */,
				03709D131CD877B100608917 /* SCCommentTabCell.h */,
				03709D141CD877B100608917 /* SCCommentTabCell.m */,
				03709D161CD877DE00608917 /* SCCommentTabCell.xib */,
				03588DAA1CD95D2700230401 /* SCSectionHeader.h */,
				03588DAB1CD95D2700230401 /* SCSectionHeader.m */,
				03588DAD1CD95D7100230401 /* SCSectionHeader.xib */,
			);
			path = View;
			sourceTree = "<group>";
		};
		03A783B81CCDC4D9005D51FC /* Movie */ = {
			isa = PBXGroup;
			children = (
				03A783B91CCDC4D9005D51FC /* Controller */,
				03A783BA1CCDC4D9005D51FC /* Model */,
				03A783BB1CCDC4D9005D51FC /* View */,
				032724FE1CD444D7007A094A /* MovieDetail */,
			);
			path = Movie;
			sourceTree = "<group>";
		};
		03A783B91CCDC4D9005D51FC /* Controller */ = {
			isa = PBXGroup;
			children = (
				0362B32B1CCE92BA00B6E8FF /* SCMovieController.h */,
				0362B32C1CCE92BA00B6E8FF /* SCMovieController.m */,
			);
			path = Controller;
			sourceTree = "<group>";
		};
		03A783BA1CCDC4D9005D51FC /* Model */ = {
			isa = PBXGroup;
			children = (
				031DB0FF1CD0436E0084EB1D /* SCMovieModel.h */,
				031DB1001CD0436E0084EB1D /* SCMovieModel.m */,
			);
			path = Model;
			sourceTree = "<group>";
		};
		03A783BB1CCDC4D9005D51FC /* View */ = {
			isa = PBXGroup;
			children = (
				036ADFF11CD27AC600F9FE54 /* SCMovieTabCell.h */,
				036ADFF21CD27AC600F9FE54 /* SCMovieTabCell.m */,
				036ADFF41CD27B2E00F9FE54 /* SCMovieTabCell.xib */,
			);
			path = View;
			sourceTree = "<group>";
		};
		03A783BC1CCDC4D9005D51FC /* Music */ = {
			isa = PBXGroup;
			children = (
				03A783BD1CCDC4D9005D51FC /* Controller */,
				03A783BE1CCDC4D9005D51FC /* Model */,
				03A783BF1CCDC4D9005D51FC /* View */,
				036B47C21CDE021C005CD18F /* RelatedDetailVC */,
			);
			path = Music;
			sourceTree = "<group>";
		};
		03A783BD1CCDC4D9005D51FC /* Controller */ = {
			isa = PBXGroup;
			children = (
				0362B32E1CCE92D200B6E8FF /* SCMusicController.h */,
				0362B32F1CCE92D200B6E8FF /* SCMusicController.m */,
			);
			path = Controller;
			sourceTree = "<group>";
		};
		03A783BE1CCDC4D9005D51FC /* Model */ = {
			isa = PBXGroup;
			children = (
				031DB0FC1CD043570084EB1D /* SCMusicModel.h */,
				031DB0FD1CD043570084EB1D /* SCMusicModel.m */,
				033760691CDBC788003F860A /* SCMuDetailModel.h */,
				0337606A1CDBC788003F860A /* SCMuDetailModel.m */,
				033760661CDBC17E003F860A /* SCMuRelatedModel.h */,
				033760671CDBC17E003F860A /* SCMuRelatedModel.m */,
			);
			path = Model;
			sourceTree = "<group>";
		};
		03A783BF1CCDC4D9005D51FC /* View */ = {
			isa = PBXGroup;
			children = (
				0337606C1CDBC90C003F860A /* SCMusicCollectionCell.h */,
				0337606D1CDBC90C003F860A /* SCMusicCollectionCell.m */,
				036B47B71CDDCE00005CD18F /* TableViewCell */,
				036B47B61CDDCDD3005CD18F /* HeaderView */,
			);
			path = View;
			sourceTree = "<group>";
		};
		03A783C01CCDC4D9005D51FC /* Reading */ = {
			isa = PBXGroup;
			children = (
				03A783C11CCDC4D9005D51FC /* Controller */,
				03A783C21CCDC4D9005D51FC /* Model */,
				03A783C31CCDC4D9005D51FC /* View */,
				032725081CD489D7007A094A /* ReadDetail */,
			);
			path = Reading;
			sourceTree = "<group>";
		};
		03A783C11CCDC4D9005D51FC /* Controller */ = {
			isa = PBXGroup;
			children = (
				0362B3311CCE92E900B6E8FF /* SCReadingController.h */,
				0362B3321CCE92E900B6E8FF /* SCReadingController.m */,
				0377C06D1CDABE380002B953 /* SCBannerController.h */,
				0377C06E1CDABE380002B953 /* SCBannerController.m */,
			);
			path = Controller;
			sourceTree = "<group>";
		};
		03A783C21CCDC4D9005D51FC /* Model */ = {
			isa = PBXGroup;
			children = (
				035D8CFC1CD5E5D2003574DC /* BannerModel */,
				035D8CF91CD5E552003574DC /* ReadModel */,
				035D8CFB1CD5E5AC003574DC /* CellModel */,
			);
			path = Model;
			sourceTree = "<group>";
		};
		03A783C31CCDC4D9005D51FC /* View */ = {
			isa = PBXGroup;
			children = (
				036ADFEC1CD2782900F9FE54 /* SCReadTabCell.h */,
				036ADFED1CD2782900F9FE54 /* SCReadTabCell.m */,
				036ADFEF1CD2784000F9FE54 /* SCReadTabCell.xib */,
				0377C07A1CDAC7490002B953 /* SCBaDetailTabCell.h */,
				0377C07B1CDAC7490002B953 /* SCBaDetailTabCell.m */,
				0377C07D1CDAC76F0002B953 /* SCBaDetailTabCell.xib */,
			);
			path = View;
			sourceTree = "<group>";
		};
		03A783CE1CCDDA56005D51FC /* APIFile */ = {
			isa = PBXGroup;
			children = (
				03A783CF1CCDDA69005D51FC /* SCNetAPI.h */,
				03A783D01CCDDA69005D51FC /* SCNetAPI.m */,
			);
			path = APIFile;
			sourceTree = "<group>";
		};
		03D7D9051CCD3B03003112C8 = {
			isa = PBXGroup;
			children = (
				03D7D9101CCD3B03003112C8 /* iReader */,
				03D7D92A1CCD3B03003112C8 /* iReaderTests */,
				03D7D9351CCD3B03003112C8 /* iReaderUITests */,
				03D7D90F1CCD3B03003112C8 /* Products */,
				643B4DC5144BC0A42863C78A /* Pods */,
				1D87A40EE597A0AF23EC6DEA /* Frameworks */,
			);
			sourceTree = "<group>";
		};
		03D7D90F1CCD3B03003112C8 /* Products */ = {
			isa = PBXGroup;
			children = (
				03D7D90E1CCD3B03003112C8 /* iReader.app */,
				03D7D9271CCD3B03003112C8 /* iReaderTests.xctest */,
				03D7D9321CCD3B03003112C8 /* iReaderUITests.xctest */,
			);
			name = Products;
			sourceTree = "<group>";
		};
		03D7D9101CCD3B03003112C8 /* iReader */ = {
			isa = PBXGroup;
			children = (
				031DB0EE1CCFEF380084EB1D /* Framework */,
				03A783A81CCDC4D9005D51FC /* Classes */,
				03D7D91D1CCD3B03003112C8 /* Assets.xcassets */,
				03D7D9111CCD3B03003112C8 /* Supporting Files */,
			);
			path = iReader;
			sourceTree = "<group>";
		};
		03D7D9111CCD3B03003112C8 /* Supporting Files */ = {
			isa = PBXGroup;
			children = (
				03D7D91A1CCD3B03003112C8 /* Main.storyboard */,
				03D7D9221CCD3B03003112C8 /* Info.plist */,
				03D7D91F1CCD3B03003112C8 /* LaunchScreen.storyboard */,
				03A783C91CCDD029005D51FC /* PCHFile.pch */,
			);
			name = "Supporting Files";
			sourceTree = "<group>";
		};
		03D7D92A1CCD3B03003112C8 /* iReaderTests */ = {
			isa = PBXGroup;
			children = (
				03D7D92B1CCD3B03003112C8 /* iReaderTests.m */,
				03D7D92D1CCD3B03003112C8 /* Info.plist */,
			);
			path = iReaderTests;
			sourceTree = "<group>";
		};
		03D7D9351CCD3B03003112C8 /* iReaderUITests */ = {
			isa = PBXGroup;
			children = (
				03D7D9361CCD3B03003112C8 /* iReaderUITests.m */,
				03D7D9381CCD3B03003112C8 /* Info.plist */,
			);
			path = iReaderUITests;
			sourceTree = "<group>";
		};
		1D87A40EE597A0AF23EC6DEA /* Frameworks */ = {
			isa = PBXGroup;
			children = (
				031DB0EF1CCFEFB30084EB1D /* SystemConfiguration.framework */,
				12B4A352C8FE36A641221EAF /* libPods.a */,
			);
			name = Frameworks;
			sourceTree = "<group>";
		};
		643B4DC5144BC0A42863C78A /* Pods */ = {
			isa = PBXGroup;
			children = (
				7F5C6390661CD83671B03C5C /* Pods.debug.xcconfig */,
				A30F168B923A77B20AC8EB72 /* Pods.release.xcconfig */,
			);
			name = Pods;
			sourceTree = "<group>";
		};
/* End PBXGroup section */

/* Begin PBXNativeTarget section */
		03D7D90D1CCD3B03003112C8 /* iReader */ = {
			isa = PBXNativeTarget;
			buildConfigurationList = 03D7D93B1CCD3B03003112C8 /* Build configuration list for PBXNativeTarget "iReader" */;
			buildPhases = (
				5A3D524CAED3BC6A1E8FCA58 /* Check Pods Manifest.lock */,
				03D7D90A1CCD3B03003112C8 /* Sources */,
				03D7D90B1CCD3B03003112C8 /* Frameworks */,
				03D7D90C1CCD3B03003112C8 /* Resources */,
				A45F5F151E6DBFE625D80812 /* Embed Pods Frameworks */,
				8D0DB748553123245BB1ED10 /* Copy Pods Resources */,
			);
			buildRules = (
			);
			dependencies = (
			);
			name = iReader;
			productName = iReader;
			productReference = 03D7D90E1CCD3B03003112C8 /* iReader.app */;
			productType = "com.apple.product-type.application";
		};
		03D7D9261CCD3B03003112C8 /* iReaderTests */ = {
			isa = PBXNativeTarget;
			buildConfigurationList = 03D7D93E1CCD3B03003112C8 /* Build configuration list for PBXNativeTarget "iReaderTests" */;
			buildPhases = (
				03D7D9231CCD3B03003112C8 /* Sources */,
				03D7D9241CCD3B03003112C8 /* Frameworks */,
				03D7D9251CCD3B03003112C8 /* Resources */,
			);
			buildRules = (
			);
			dependencies = (
				03D7D9291CCD3B03003112C8 /* PBXTargetDependency */,
			);
			name = iReaderTests;
			productName = iReaderTests;
			productReference = 03D7D9271CCD3B03003112C8 /* iReaderTests.xctest */;
			productType = "com.apple.product-type.bundle.unit-test";
		};
		03D7D9311CCD3B03003112C8 /* iReaderUITests */ = {
			isa = PBXNativeTarget;
			buildConfigurationList = 03D7D9411CCD3B03003112C8 /* Build configuration list for PBXNativeTarget "iReaderUITests" */;
			buildPhases = (
				03D7D92E1CCD3B03003112C8 /* Sources */,
				03D7D92F1CCD3B03003112C8 /* Frameworks */,
				03D7D9301CCD3B03003112C8 /* Resources */,
			);
			buildRules = (
			);
			dependencies = (
				03D7D9341CCD3B03003112C8 /* PBXTargetDependency */,
			);
			name = iReaderUITests;
			productName = iReaderUITests;
			productReference = 03D7D9321CCD3B03003112C8 /* iReaderUITests.xctest */;
			productType = "com.apple.product-type.bundle.ui-testing";
		};
/* End PBXNativeTarget section */

/* Begin PBXProject section */
		03D7D9061CCD3B03003112C8 /* Project object */ = {
			isa = PBXProject;
			attributes = {
				CLASSPREFIX = SC;
				LastUpgradeCheck = 0730;
				ORGANIZATIONNAME = SevenCelsius;
				TargetAttributes = {
					03D7D90D1CCD3B03003112C8 = {
						CreatedOnToolsVersion = 7.3;
						DevelopmentTeam = AJ4YA27V26;
					};
					03D7D9261CCD3B03003112C8 = {
						CreatedOnToolsVersion = 7.3;
						TestTargetID = 03D7D90D1CCD3B03003112C8;
					};
					03D7D9311CCD3B03003112C8 = {
						CreatedOnToolsVersion = 7.3;
						TestTargetID = 03D7D90D1CCD3B03003112C8;
					};
				};
			};
			buildConfigurationList = 03D7D9091CCD3B03003112C8 /* Build configuration list for PBXProject "iReader" */;
			compatibilityVersion = "Xcode 3.2";
			developmentRegion = English;
			hasScannedForEncodings = 0;
			knownRegions = (
				en,
				Base,
			);
			mainGroup = 03D7D9051CCD3B03003112C8;
			productRefGroup = 03D7D90F1CCD3B03003112C8 /* Products */;
			projectDirPath = "";
			projectRoot = "";
			targets = (
				03D7D90D1CCD3B03003112C8 /* iReader */,
				03D7D9261CCD3B03003112C8 /* iReaderTests */,
				03D7D9311CCD3B03003112C8 /* iReaderUITests */,
			);
		};
/* End PBXProject section */

/* Begin PBXResourcesBuildPhase section */
		03D7D90C1CCD3B03003112C8 /* Resources */ = {
			isa = PBXResourcesBuildPhase;
			buildActionMask = 2147483647;
			files = (
				0377C07E1CDAC76F0002B953 /* SCBaDetailTabCell.xib in Resources */,
				036ADFF51CD27B2E00F9FE54 /* SCMovieTabCell.xib in Resources */,
				031DB0F81CD0406D0084EB1D /* SCHomeCollectionCell.xib in Resources */,
				03709D1F1CD87D3600608917 /* SCQuDetailHeader.xib in Resources */,
				03709D171CD877DE00608917 /* SCCommentTabCell.xib in Resources */,
				036B47B91CDDCE6C005CD18F /* SCMuStoryTabCell.xib in Resources */,
				03D7D9211CCD3B03003112C8 /* LaunchScreen.storyboard in Resources */,
				03D7D91E1CCD3B03003112C8 /* Assets.xcassets in Resources */,
				03709D2C1CD89C8D00608917 /* SCMoDetailHeader.xib in Resources */,
				036ADFF01CD2784000F9FE54 /* SCReadTabCell.xib in Resources */,
				03588DA91CD9210B00230401 /* SCMusicHeader.xib in Resources */,
				03D7D91C1CCD3B03003112C8 /* Main.storyboard in Resources */,
				03588DAE1CD95D7100230401 /* SCSectionHeader.xib in Resources */,
				03709D341CD8A02F00608917 /* SCModetailCell.xib in Resources */,
				036AE0041CD2C14B00F9FE54 /* SCMuListColCell.xib in Resources */,
				03709D211CD8832800608917 /* SCOtherHeader.xib in Resources */,
			);
			runOnlyForDeploymentPostprocessing = 0;
		};
		03D7D9251CCD3B03003112C8 /* Resources */ = {
			isa = PBXResourcesBuildPhase;
			buildActionMask = 2147483647;
			files = (
			);
			runOnlyForDeploymentPostprocessing = 0;
		};
		03D7D9301CCD3B03003112C8 /* Resources */ = {
			isa = PBXResourcesBuildPhase;
			buildActionMask = 2147483647;
			files = (
			);
			runOnlyForDeploymentPostprocessing = 0;
		};
/* End PBXResourcesBuildPhase section */

/* Begin PBXShellScriptBuildPhase section */
		5A3D524CAED3BC6A1E8FCA58 /* Check Pods Manifest.lock */ = {
			isa = PBXShellScriptBuildPhase;
			buildActionMask = 2147483647;
			files = (
			);
			inputPaths = (
			);
			name = "Check Pods Manifest.lock";
			outputPaths = (
			);
			runOnlyForDeploymentPostprocessing = 0;
			shellPath = /bin/sh;
			shellScript = "diff \"${PODS_ROOT}/../Podfile.lock\" \"${PODS_ROOT}/Manifest.lock\" > /dev/null\nif [[ $? != 0 ]] ; then\n    cat << EOM\nerror: The sandbox is not in sync with the Podfile.lock. Run 'pod install' or update your CocoaPods installation.\nEOM\n    exit 1\nfi\n";
			showEnvVarsInLog = 0;
		};
		8D0DB748553123245BB1ED10 /* Copy Pods Resources */ = {
			isa = PBXShellScriptBuildPhase;
			buildActionMask = 2147483647;
			files = (
			);
			inputPaths = (
			);
			name = "Copy Pods Resources";
			outputPaths = (
			);
			runOnlyForDeploymentPostprocessing = 0;
			shellPath = /bin/sh;
			shellScript = "\"${SRCROOT}/Pods/Target Support Files/Pods/Pods-resources.sh\"\n";
			showEnvVarsInLog = 0;
		};
		A45F5F151E6DBFE625D80812 /* Embed Pods Frameworks */ = {
			isa = PBXShellScriptBuildPhase;
			buildActionMask = 2147483647;
			files = (
			);
			inputPaths = (
			);
			name = "Embed Pods Frameworks";
			outputPaths = (
			);
			runOnlyForDeploymentPostprocessing = 0;
			shellPath = /bin/sh;
			shellScript = "\"${SRCROOT}/Pods/Target Support Files/Pods/Pods-frameworks.sh\"\n";
			showEnvVarsInLog = 0;
		};
/* End PBXShellScriptBuildPhase section */

/* Begin PBXSourcesBuildPhase section */
		03D7D90A1CCD3B03003112C8 /* Sources */ = {
			isa = PBXSourcesBuildPhase;
			buildActionMask = 2147483647;
			files = (
				0327250E1CD49043007A094A /* SCReDetailController.m in Sources */,
				031DB0FE1CD043570084EB1D /* SCMusicModel.m in Sources */,
				032725071CD481CD007A094A /* SCMoDetailModel.m in Sources */,
				031DB0F31CD03D0A0084EB1D /* SCHomeModel.m in Sources */,
				03588DA51CD91E4800230401 /* SCMusicHeader.m in Sources */,
				03A783E31CCDEA66005D51FC /* SCBaseTableViewCell.m in Sources */,
				036B47BD1CDDDC02005CD18F /* SCMuRelatedTabCell.m in Sources */,
				036ADFEE1CD2782900F9FE54 /* SCReadTabCell.m in Sources */,
				0347E7921CD3F931008E4941 /* SCPersonalController.m in Sources */,
				03588DAC1CD95D2700230401 /* SCSectionHeader.m in Sources */,
				032725171CD4A947007A094A /* SCBaseContentModel.m in Sources */,
				03A783D11CCDDA69005D51FC /* SCNetAPI.m in Sources */,
				03A783CC1CCDD716005D51FC /* SCBaseController.m in Sources */,
				0362B32D1CCE92BA00B6E8FF /* SCMovieController.m in Sources */,
				03A783E01CCDEA4C005D51FC /* SCBaseCollectionCell.m in Sources */,
				0362B3301CCE92D200B6E8FF /* SCMusicController.m in Sources */,
				036B47C51CDE0268005CD18F /* SCRelatedDetailController.m in Sources */,
				032725201CD4A9AD007A094A /* SCEssayModel.m in Sources */,
				03709D151CD877B100608917 /* SCCommentTabCell.m in Sources */,
				03588DB11CD9623800230401 /* UIButton+SCExtension.m in Sources */,
				0377C0721CDAC1C80002B953 /* SCBannerDetailModel.m in Sources */,
				0337606E1CDBC90C003F860A /* SCMusicCollectionCell.m in Sources */,
				03A783D71CCDE7E8005D51FC /* SCHomeController.m in Sources */,
				031DB0FB1CD0433C0084EB1D /* SCReadingModel.m in Sources */,
				0327251D1CD4A995007A094A /* SCSerialModel.m in Sources */,
				03709D271CD88B8E00608917 /* SCCommentModel.m in Sources */,
				03A783DD1CCDEA08005D51FC /* SCCusTabBarController.m in Sources */,
				03439E7D1CE00894008756F6 /* SCReBaseHeader.m in Sources */,
				03709D0F1CD817B100608917 /* SCEsDetailModel.m in Sources */,
				03709D1A1CD87CFA00608917 /* SCQuDetailHeader.m in Sources */,
				03439E771CDFFD1C008756F6 /* SCReFactoryModel.m in Sources */,
				036AE0021CD2BF0D00F9FE54 /* SCMuListColCell.m in Sources */,
				036B47C81CDE05CF005CD18F /* UIView+SCExtent.m in Sources */,
				031DB0F61CD0402A0084EB1D /* SCHomeCollectionCell.m in Sources */,
				032725231CD4AC91007A094A /* SCFactoryModel.m in Sources */,
				0362B33A1CCEE26300B6E8FF /* SCNetWorkImage.m in Sources */,
				036B0D411CD182AA00D8205F /* UIImage+SCOrgImg.m in Sources */,
				03709D1D1CD87D1A00608917 /* SCOtherHeader.m in Sources */,
				0362B3361CCEDB4700B6E8FF /* UIBarButtonItem+SCExtension.m in Sources */,
				03A783C51CCDC4D9005D51FC /* main.m in Sources */,
				03709D241CD88B0700608917 /* SCUserModel.m in Sources */,
				03A783C41CCDC4D9005D51FC /* AppDelegate.m in Sources */,
				036B47B51CDDCDA8005CD18F /* SCMuStoryTabCell.m in Sources */,
				03A783DA1CCDE9AA005D51FC /* SCCusNaviController.m in Sources */,
				0362B3331CCE92E900B6E8FF /* SCReadingController.m in Sources */,
				031DB1011CD0436E0084EB1D /* SCMovieModel.m in Sources */,
				032185891CDB289F00DBBA74 /* UIColor+SCColorExtension.m in Sources */,
				0337606B1CDBC788003F860A /* SCMuDetailModel.m in Sources */,
				036B47C01CDDE1BA005CD18F /* SCFactoryCell.m in Sources */,
				035D8CFF1CD5E604003574DC /* SCBannerModel.m in Sources */,
				033760681CDBC17E003F860A /* SCMuRelatedModel.m in Sources */,
				03A783D41CCDE758005D51FC /* SCBaseModel.m in Sources */,
				036ADFF31CD27AC600F9FE54 /* SCMovieTabCell.m in Sources */,
				03709D0C1CD8171800608917 /* SCQuDetailModel.m in Sources */,
				0362B33D1CCEEAD600B6E8FF /* SCNetWorkAFRequest.m in Sources */,
				03709D321CD8A01A00608917 /* SCModetailCell.m in Sources */,
				032725041CD4455E007A094A /* SCMovieDetailController.m in Sources */,
				03709D371CD8A16B00608917 /* SCMoStoryModel.m in Sources */,
				031DB0ED1CCFEF2A0084EB1D /* Reachability.m in Sources */,
				03709D2F1CD89EAC00608917 /* SCMoDetailHeader.m in Sources */,
				032725111CD4A78A007A094A /* SCAuthorModel.m in Sources */,
				03709D121CD817DF00608917 /* SCSeDetailModel.m in Sources */,
				0347E7951CD3F977008E4941 /* SCSearchController.m in Sources */,
				0377C07C1CDAC7490002B953 /* SCBaDetailTabCell.m in Sources */,
				03439E7A1CDFFF09008756F6 /* SCReadingDetailModel.m in Sources */,
				0327251A1CD4A968007A094A /* SCQuestionModel.m in Sources */,
				0377C06F1CDABE380002B953 /* SCBannerController.m in Sources */,
			);
			runOnlyForDeploymentPostprocessing = 0;
		};
		03D7D9231CCD3B03003112C8 /* Sources */ = {
			isa = PBXSourcesBuildPhase;
			buildActionMask = 2147483647;
			files = (
				03D7D92C1CCD3B03003112C8 /* iReaderTests.m in Sources */,
			);
			runOnlyForDeploymentPostprocessing = 0;
		};
		03D7D92E1CCD3B03003112C8 /* Sources */ = {
			isa = PBXSourcesBuildPhase;
			buildActionMask = 2147483647;
			files = (
				03D7D9371CCD3B03003112C8 /* iReaderUITests.m in Sources */,
			);
			runOnlyForDeploymentPostprocessing = 0;
		};
/* End PBXSourcesBuildPhase section */

/* Begin PBXTargetDependency section */
		03D7D9291CCD3B03003112C8 /* PBXTargetDependency */ = {
			isa = PBXTargetDependency;
			target = 03D7D90D1CCD3B03003112C8 /* iReader */;
			targetProxy = 03D7D9281CCD3B03003112C8 /* PBXContainerItemProxy */;
		};
		03D7D9341CCD3B03003112C8 /* PBXTargetDependency */ = {
			isa = PBXTargetDependency;
			target = 03D7D90D1CCD3B03003112C8 /* iReader */;
			targetProxy = 03D7D9331CCD3B03003112C8 /* PBXContainerItemProxy */;
		};
/* End PBXTargetDependency section */

/* Begin PBXVariantGroup section */
		03D7D91A1CCD3B03003112C8 /* Main.storyboard */ = {
			isa = PBXVariantGroup;
			children = (
				03D7D91B1CCD3B03003112C8 /* Base */,
			);
			name = Main.storyboard;
			sourceTree = "<group>";
		};
		03D7D91F1CCD3B03003112C8 /* LaunchScreen.storyboard */ = {
			isa = PBXVariantGroup;
			children = (
				03D7D9201CCD3B03003112C8 /* Base */,
			);
			name = LaunchScreen.storyboard;
			sourceTree = "<group>";
		};
/* End PBXVariantGroup section */

/* Begin XCBuildConfiguration section */
		03D7D9391CCD3B03003112C8 /* Debug */ = {
			isa = XCBuildConfiguration;
			buildSettings = {
				ALWAYS_SEARCH_USER_PATHS = NO;
				CLANG_ANALYZER_NONNULL = YES;
				CLANG_CXX_LANGUAGE_STANDARD = "gnu++0x";
				CLANG_CXX_LIBRARY = "libc++";
				CLANG_ENABLE_MODULES = YES;
				CLANG_ENABLE_OBJC_ARC = YES;
				CLANG_WARN_BOOL_CONVERSION = YES;
				CLANG_WARN_CONSTANT_CONVERSION = YES;
				CLANG_WARN_DIRECT_OBJC_ISA_USAGE = YES_ERROR;
				CLANG_WARN_EMPTY_BODY = YES;
				CLANG_WARN_ENUM_CONVERSION = YES;
				CLANG_WARN_INT_CONVERSION = YES;
				CLANG_WARN_OBJC_ROOT_CLASS = YES_ERROR;
				CLANG_WARN_UNREACHABLE_CODE = YES;
				CLANG_WARN__DUPLICATE_METHOD_MATCH = YES;
				"CODE_SIGN_IDENTITY[sdk=iphoneos*]" = "iPhone Developer";
				COPY_PHASE_STRIP = NO;
				DEBUG_INFORMATION_FORMAT = dwarf;
				ENABLE_STRICT_OBJC_MSGSEND = YES;
				ENABLE_TESTABILITY = YES;
				GCC_C_LANGUAGE_STANDARD = gnu99;
				GCC_DYNAMIC_NO_PIC = NO;
				GCC_NO_COMMON_BLOCKS = YES;
				GCC_OPTIMIZATION_LEVEL = 0;
				GCC_PREPROCESSOR_DEFINITIONS = (
					"DEBUG=1",
					"$(inherited)",
				);
				GCC_WARN_64_TO_32_BIT_CONVERSION = YES;
				GCC_WARN_ABOUT_RETURN_TYPE = YES_ERROR;
				GCC_WARN_UNDECLARED_SELECTOR = YES;
				GCC_WARN_UNINITIALIZED_AUTOS = YES_AGGRESSIVE;
				GCC_WARN_UNUSED_FUNCTION = YES;
				GCC_WARN_UNUSED_VARIABLE = YES;
				IPHONEOS_DEPLOYMENT_TARGET = 9.0;
				MTL_ENABLE_DEBUG_INFO = YES;
				ONLY_ACTIVE_ARCH = YES;
				SDKROOT = iphoneos;
			};
			name = Debug;
		};
		03D7D93A1CCD3B03003112C8 /* Release */ = {
			isa = XCBuildConfiguration;
			buildSettings = {
				ALWAYS_SEARCH_USER_PATHS = NO;
				CLANG_ANALYZER_NONNULL = YES;
				CLANG_CXX_LANGUAGE_STANDARD = "gnu++0x";
				CLANG_CXX_LIBRARY = "libc++";
				CLANG_ENABLE_MODULES = YES;
				CLANG_ENABLE_OBJC_ARC = YES;
				CLANG_WARN_BOOL_CONVERSION = YES;
				CLANG_WARN_CONSTANT_CONVERSION = YES;
				CLANG_WARN_DIRECT_OBJC_ISA_USAGE = YES_ERROR;
				CLANG_WARN_EMPTY_BODY = YES;
				CLANG_WARN_ENUM_CONVERSION = YES;
				CLANG_WARN_INT_CONVERSION = YES;
				CLANG_WARN_OBJC_ROOT_CLASS = YES_ERROR;
				CLANG_WARN_UNREACHABLE_CODE = YES;
				CLANG_WARN__DUPLICATE_METHOD_MATCH = YES;
				"CODE_SIGN_IDENTITY[sdk=iphoneos*]" = "iPhone Developer";
				COPY_PHASE_STRIP = NO;
				DEBUG_INFORMATION_FORMAT = "dwarf-with-dsym";
				ENABLE_NS_ASSERTIONS = NO;
				ENABLE_STRICT_OBJC_MSGSEND = YES;
				GCC_C_LANGUAGE_STANDARD = gnu99;
				GCC_NO_COMMON_BLOCKS = YES;
				GCC_WARN_64_TO_32_BIT_CONVERSION = YES;
				GCC_WARN_ABOUT_RETURN_TYPE = YES_ERROR;
				GCC_WARN_UNDECLARED_SELECTOR = YES;
				GCC_WARN_UNINITIALIZED_AUTOS = YES_AGGRESSIVE;
				GCC_WARN_UNUSED_FUNCTION = YES;
				GCC_WARN_UNUSED_VARIABLE = YES;
				IPHONEOS_DEPLOYMENT_TARGET = 9.0;
				MTL_ENABLE_DEBUG_INFO = NO;
				SDKROOT = iphoneos;
				VALIDATE_PRODUCT = YES;
			};
			name = Release;
		};
		03D7D93C1CCD3B03003112C8 /* Debug */ = {
			isa = XCBuildConfiguration;
			baseConfigurationReference = 7F5C6390661CD83671B03C5C /* Pods.debug.xcconfig */;
			buildSettings = {
				ASSETCATALOG_COMPILER_APPICON_NAME = AppIcon;
				CODE_SIGN_IDENTITY = "iPhone Developer";
				"CODE_SIGN_IDENTITY[sdk=iphoneos*]" = "iPhone Developer";
				GCC_PRECOMPILE_PREFIX_HEADER = YES;
				GCC_PREFIX_HEADER = "$(SRCROOT)/$(PRODUCT_NAME)/PCHFile.pch";
				INFOPLIST_FILE = iReader/Info.plist;
				IPHONEOS_DEPLOYMENT_TARGET = 7.0;
				LD_RUNPATH_SEARCH_PATHS = "$(inherited) @executable_path/Frameworks";
				ONLY_ACTIVE_ARCH = YES;
				PRODUCT_BUNDLE_IDENTIFIER = com.sevencelsius.iReader;
				PRODUCT_NAME = "$(TARGET_NAME)";
				PROVISIONING_PROFILE = "";
			};
			name = Debug;
		};
		03D7D93D1CCD3B03003112C8 /* Release */ = {
			isa = XCBuildConfiguration;
			baseConfigurationReference = A30F168B923A77B20AC8EB72 /* Pods.release.xcconfig */;
			buildSettings = {
				ASSETCATALOG_COMPILER_APPICON_NAME = AppIcon;
				CODE_SIGN_IDENTITY = "iPhone Developer";
				"CODE_SIGN_IDENTITY[sdk=iphoneos*]" = "iPhone Developer";
				GCC_PRECOMPILE_PREFIX_HEADER = YES;
				GCC_PREFIX_HEADER = "$(SRCROOT)/$(PRODUCT_NAME)/PCHFile.pch";
				INFOPLIST_FILE = iReader/Info.plist;
				IPHONEOS_DEPLOYMENT_TARGET = 7.0;
				LD_RUNPATH_SEARCH_PATHS = "$(inherited) @executable_path/Frameworks";
				ONLY_ACTIVE_ARCH = NO;
				PRODUCT_BUNDLE_IDENTIFIER = com.sevencelsius.iReader;
				PRODUCT_NAME = "$(TARGET_NAME)";
				PROVISIONING_PROFILE = "";
			};
			name = Release;
		};
		03D7D93F1CCD3B03003112C8 /* Debug */ = {
			isa = XCBuildConfiguration;
			buildSettings = {
				BUNDLE_LOADER = "$(TEST_HOST)";
				INFOPLIST_FILE = iReaderTests/Info.plist;
				LD_RUNPATH_SEARCH_PATHS = "$(inherited) @executable_path/Frameworks @loader_path/Frameworks";
				PRODUCT_BUNDLE_IDENTIFIER = com.sevencelsius.iReaderTests;
				PRODUCT_NAME = "$(TARGET_NAME)";
				TEST_HOST = "$(BUILT_PRODUCTS_DIR)/iReader.app/iReader";
			};
			name = Debug;
		};
		03D7D9401CCD3B03003112C8 /* Release */ = {
			isa = XCBuildConfiguration;
			buildSettings = {
				BUNDLE_LOADER = "$(TEST_HOST)";
				INFOPLIST_FILE = iReaderTests/Info.plist;
				LD_RUNPATH_SEARCH_PATHS = "$(inherited) @executable_path/Frameworks @loader_path/Frameworks";
				PRODUCT_BUNDLE_IDENTIFIER = com.sevencelsius.iReaderTests;
				PRODUCT_NAME = "$(TARGET_NAME)";
				TEST_HOST = "$(BUILT_PRODUCTS_DIR)/iReader.app/iReader";
			};
			name = Release;
		};
		03D7D9421CCD3B03003112C8 /* Debug */ = {
			isa = XCBuildConfiguration;
			buildSettings = {
				INFOPLIST_FILE = iReaderUITests/Info.plist;
				LD_RUNPATH_SEARCH_PATHS = "$(inherited) @executable_path/Frameworks @loader_path/Frameworks";
				PRODUCT_BUNDLE_IDENTIFIER = com.sevencelsius.iReaderUITests;
				PRODUCT_NAME = "$(TARGET_NAME)";
				TEST_TARGET_NAME = iReader;
			};
			name = Debug;
		};
		03D7D9431CCD3B03003112C8 /* Release */ = {
			isa = XCBuildConfiguration;
			buildSettings = {
				INFOPLIST_FILE = iReaderUITests/Info.plist;
				LD_RUNPATH_SEARCH_PATHS = "$(inherited) @executable_path/Frameworks @loader_path/Frameworks";
				PRODUCT_BUNDLE_IDENTIFIER = com.sevencelsius.iReaderUITests;
				PRODUCT_NAME = "$(TARGET_NAME)";
				TEST_TARGET_NAME = iReader;
			};
			name = Release;
		};
/* End XCBuildConfiguration section */

/* Begin XCConfigurationList section */
		03D7D9091CCD3B03003112C8 /* Build configuration list for PBXProject "iReader" */ = {
			isa = XCConfigurationList;
			buildConfigurations = (
				03D7D9391CCD3B03003112C8 /* Debug */,
				03D7D93A1CCD3B03003112C8 /* Release */,
			);
			defaultConfigurationIsVisible = 0;
			defaultConfigurationName = Debug;
		};
		03D7D93B1CCD3B03003112C8 /* Build configuration list for PBXNativeTarget "iReader" */ = {
			isa = XCConfigurationList;
			buildConfigurations = (
				03D7D93C1CCD3B03003112C8 /* Debug */,
				03D7D93D1CCD3B03003112C8 /* Release */,
			);
			defaultConfigurationIsVisible = 0;
			defaultConfigurationName = Debug;
		};
		03D7D93E1CCD3B03003112C8 /* Build configuration list for PBXNativeTarget "iReaderTests" */ = {
			isa = XCConfigurationList;
			buildConfigurations = (
				03D7D93F1CCD3B03003112C8 /* Debug */,
				03D7D9401CCD3B03003112C8 /* Release */,
			);
			defaultConfigurationIsVisible = 0;
			defaultConfigurationName = Debug;
		};
		03D7D9411CCD3B03003112C8 /* Build configuration list for PBXNativeTarget "iReaderUITests" */ = {
			isa = XCConfigurationList;
			buildConfigurations = (
				03D7D9421CCD3B03003112C8 /* Debug */,
				03D7D9431CCD3B03003112C8 /* Release */,
			);
			defaultConfigurationIsVisible = 0;
			defaultConfigurationName = Debug;
		};
/* End XCConfigurationList section */
	};
	rootObject = 03D7D9061CCD3B03003112C8 /* Project object */;
}
